// !$*UTF8*$!
{
	archiveVersion = 1;
	classes = {
	};
	objectVersion = 52;
	objects = {

/* Begin PBXBuildFile section */
		282EC8362656EEB80086B14F /* KindredApp.swift in Sources */ = {isa = PBXBuildFile; fileRef = 282EC8352656EEB80086B14F /* KindredApp.swift */; };
		282EC8382656EEB80086B14F /* ContentView.swift in Sources */ = {isa = PBXBuildFile; fileRef = 282EC8372656EEB80086B14F /* ContentView.swift */; };
		282EC83A2656EEB90086B14F /* Assets.xcassets in Resources */ = {isa = PBXBuildFile; fileRef = 282EC8392656EEB90086B14F /* Assets.xcassets */; };
		282EC83D2656EEB90086B14F /* Preview Assets.xcassets in Resources */ = {isa = PBXBuildFile; fileRef = 282EC83C2656EEB90086B14F /* Preview Assets.xcassets */; };
		282EC8482656EEB90086B14F /* KindredTests.swift in Sources */ = {isa = PBXBuildFile; fileRef = 282EC8472656EEB90086B14F /* KindredTests.swift */; };
		282EC8532656EEB90086B14F /* KindredUITests.swift in Sources */ = {isa = PBXBuildFile; fileRef = 282EC8522656EEB90086B14F /* KindredUITests.swift */; };
		282EC8622656EED50086B14F /* Attributes.csv in Resources */ = {isa = PBXBuildFile; fileRef = 282EC8612656EED50086B14F /* Attributes.csv */; };
		282EC8652656EFF30086B14F /* SwiftCSV in Frameworks */ = {isa = PBXBuildFile; productRef = 282EC8642656EFF30086B14F /* SwiftCSV */; };
		282EC8682656F0150086B14F /* TraitReference.swift in Sources */ = {isa = PBXBuildFile; fileRef = 282EC8672656F0150086B14F /* TraitReference.swift */; };
		28386F5926585D9C00E90445 /* Constants.swift in Sources */ = {isa = PBXBuildFile; fileRef = 28386F5826585D9C00E90445 /* Constants.swift */; };
		28386F5C2658619D00E90445 /* Discipline+.swift in Sources */ = {isa = PBXBuildFile; fileRef = 28386F5B2658619D00E90445 /* Discipline+.swift */; };
		28386F61265868DF00E90445 /* DisciplineDetailView.swift in Sources */ = {isa = PBXBuildFile; fileRef = 28386F60265868DF00E90445 /* DisciplineDetailView.swift */; };
		28386F6326586E2E00E90445 /* Power+.swift in Sources */ = {isa = PBXBuildFile; fileRef = 28386F6226586E2E00E90445 /* Power+.swift */; };
		28386F652658727400E90445 /* PowerLabelRow.swift in Sources */ = {isa = PBXBuildFile; fileRef = 28386F642658727400E90445 /* PowerLabelRow.swift */; };
		28386F6726587AA500E90445 /* PowerInfoView.swift in Sources */ = {isa = PBXBuildFile; fileRef = 28386F6626587AA500E90445 /* PowerInfoView.swift */; };
		28678D102658855F00289497 /* DisciplineIcons.xcassets in Resources */ = {isa = PBXBuildFile; fileRef = 28678D0F2658855F00289497 /* DisciplineIcons.xcassets */; };
		2877343F265703000098E27B /* KindredModel.xcdatamodeld in Sources */ = {isa = PBXBuildFile; fileRef = 2877343D265703000098E27B /* KindredModel.xcdatamodeld */; };
		2877344226570F520098E27B /* DisciplineFactory.swift in Sources */ = {isa = PBXBuildFile; fileRef = 2877344126570F520098E27B /* DisciplineFactory.swift */; };
		28773444265713100098E27B /* Skills.csv in Resources */ = {isa = PBXBuildFile; fileRef = 28773443265713100098E27B /* Skills.csv */; };
		2877344A265713360098E27B /* DataController.swift in Sources */ = {isa = PBXBuildFile; fileRef = 28773449265713360098E27B /* DataController.swift */; };
		28A0DE21265AF0C5008D90B4 /* Powers.csv in Resources */ = {isa = PBXBuildFile; fileRef = 28A0DE1F265AF0C5008D90B4 /* Powers.csv */; };
		28A0DE22265AF0C5008D90B4 /* Disciplines.csv in Resources */ = {isa = PBXBuildFile; fileRef = 28A0DE20265AF0C5008D90B4 /* Disciplines.csv */; };
/* End PBXBuildFile section */

/* Begin PBXContainerItemProxy section */
		282EC8442656EEB90086B14F /* PBXContainerItemProxy */ = {
			isa = PBXContainerItemProxy;
			containerPortal = 282EC82A2656EEB80086B14F /* Project object */;
			proxyType = 1;
			remoteGlobalIDString = 282EC8312656EEB80086B14F;
			remoteInfo = Kindred;
		};
		282EC84F2656EEB90086B14F /* PBXContainerItemProxy */ = {
			isa = PBXContainerItemProxy;
			containerPortal = 282EC82A2656EEB80086B14F /* Project object */;
			proxyType = 1;
			remoteGlobalIDString = 282EC8312656EEB80086B14F;
			remoteInfo = Kindred;
		};
/* End PBXContainerItemProxy section */

/* Begin PBXFileReference section */
		282EC8322656EEB80086B14F /* Kindred.app */ = {isa = PBXFileReference; explicitFileType = wrapper.application; includeInIndex = 0; path = Kindred.app; sourceTree = BUILT_PRODUCTS_DIR; };
		282EC8352656EEB80086B14F /* KindredApp.swift */ = {isa = PBXFileReference; lastKnownFileType = sourcecode.swift; path = KindredApp.swift; sourceTree = "<group>"; };
		282EC8372656EEB80086B14F /* ContentView.swift */ = {isa = PBXFileReference; lastKnownFileType = sourcecode.swift; path = ContentView.swift; sourceTree = "<group>"; };
		282EC8392656EEB90086B14F /* Assets.xcassets */ = {isa = PBXFileReference; lastKnownFileType = folder.assetcatalog; path = Assets.xcassets; sourceTree = "<group>"; };
		282EC83C2656EEB90086B14F /* Preview Assets.xcassets */ = {isa = PBXFileReference; lastKnownFileType = folder.assetcatalog; path = "Preview Assets.xcassets"; sourceTree = "<group>"; };
		282EC83E2656EEB90086B14F /* Info.plist */ = {isa = PBXFileReference; lastKnownFileType = text.plist.xml; path = Info.plist; sourceTree = "<group>"; };
		282EC8432656EEB90086B14F /* KindredTests.xctest */ = {isa = PBXFileReference; explicitFileType = wrapper.cfbundle; includeInIndex = 0; path = KindredTests.xctest; sourceTree = BUILT_PRODUCTS_DIR; };
		282EC8472656EEB90086B14F /* KindredTests.swift */ = {isa = PBXFileReference; lastKnownFileType = sourcecode.swift; path = KindredTests.swift; sourceTree = "<group>"; };
		282EC8492656EEB90086B14F /* Info.plist */ = {isa = PBXFileReference; lastKnownFileType = text.plist.xml; path = Info.plist; sourceTree = "<group>"; };
		282EC84E2656EEB90086B14F /* KindredUITests.xctest */ = {isa = PBXFileReference; explicitFileType = wrapper.cfbundle; includeInIndex = 0; path = KindredUITests.xctest; sourceTree = BUILT_PRODUCTS_DIR; };
		282EC8522656EEB90086B14F /* KindredUITests.swift */ = {isa = PBXFileReference; lastKnownFileType = sourcecode.swift; path = KindredUITests.swift; sourceTree = "<group>"; };
		282EC8542656EEB90086B14F /* Info.plist */ = {isa = PBXFileReference; lastKnownFileType = text.plist.xml; path = Info.plist; sourceTree = "<group>"; };
		282EC8612656EED50086B14F /* Attributes.csv */ = {isa = PBXFileReference; fileEncoding = 4; lastKnownFileType = text; path = Attributes.csv; sourceTree = "<group>"; };
		282EC8672656F0150086B14F /* TraitReference.swift */ = {isa = PBXFileReference; lastKnownFileType = sourcecode.swift; path = TraitReference.swift; sourceTree = "<group>"; };
		28386F5826585D9C00E90445 /* Constants.swift */ = {isa = PBXFileReference; lastKnownFileType = sourcecode.swift; path = Constants.swift; sourceTree = "<group>"; };
		28386F5B2658619D00E90445 /* Discipline+.swift */ = {isa = PBXFileReference; lastKnownFileType = sourcecode.swift; path = "Discipline+.swift"; sourceTree = "<group>"; };
		28386F60265868DF00E90445 /* DisciplineDetailView.swift */ = {isa = PBXFileReference; lastKnownFileType = sourcecode.swift; path = DisciplineDetailView.swift; sourceTree = "<group>"; };
		28386F6226586E2E00E90445 /* Power+.swift */ = {isa = PBXFileReference; lastKnownFileType = sourcecode.swift; path = "Power+.swift"; sourceTree = "<group>"; };
		28386F642658727400E90445 /* PowerLabelRow.swift */ = {isa = PBXFileReference; lastKnownFileType = sourcecode.swift; path = PowerLabelRow.swift; sourceTree = "<group>"; };
		28386F6626587AA500E90445 /* PowerInfoView.swift */ = {isa = PBXFileReference; lastKnownFileType = sourcecode.swift; path = PowerInfoView.swift; sourceTree = "<group>"; };
		28678D0F2658855F00289497 /* DisciplineIcons.xcassets */ = {isa = PBXFileReference; lastKnownFileType = folder.assetcatalog; path = DisciplineIcons.xcassets; sourceTree = "<group>"; };
		2877343E265703000098E27B /* KindredModel.xcdatamodel */ = {isa = PBXFileReference; lastKnownFileType = wrapper.xcdatamodel; path = KindredModel.xcdatamodel; sourceTree = "<group>"; };
		2877344126570F520098E27B /* DisciplineFactory.swift */ = {isa = PBXFileReference; lastKnownFileType = sourcecode.swift; path = DisciplineFactory.swift; sourceTree = "<group>"; };
		28773443265713100098E27B /* Skills.csv */ = {isa = PBXFileReference; fileEncoding = 4; lastKnownFileType = text; path = Skills.csv; sourceTree = "<group>"; };
		28773449265713360098E27B /* DataController.swift */ = {isa = PBXFileReference; lastKnownFileType = sourcecode.swift; path = DataController.swift; sourceTree = "<group>"; };
		28A0DE1F265AF0C5008D90B4 /* Powers.csv */ = {isa = PBXFileReference; fileEncoding = 4; lastKnownFileType = text; path = Powers.csv; sourceTree = "<group>"; };
		28A0DE20265AF0C5008D90B4 /* Disciplines.csv */ = {isa = PBXFileReference; fileEncoding = 4; lastKnownFileType = text; path = Disciplines.csv; sourceTree = "<group>"; };
/* End PBXFileReference section */

/* Begin PBXFrameworksBuildPhase section */
		282EC82F2656EEB80086B14F /* Frameworks */ = {
			isa = PBXFrameworksBuildPhase;
			buildActionMask = 2147483647;
			files = (
				282EC8652656EFF30086B14F /* SwiftCSV in Frameworks */,
			);
			runOnlyForDeploymentPostprocessing = 0;
		};
		282EC8402656EEB90086B14F /* Frameworks */ = {
			isa = PBXFrameworksBuildPhase;
			buildActionMask = 2147483647;
			files = (
			);
			runOnlyForDeploymentPostprocessing = 0;
		};
		282EC84B2656EEB90086B14F /* Frameworks */ = {
			isa = PBXFrameworksBuildPhase;
			buildActionMask = 2147483647;
			files = (
			);
			runOnlyForDeploymentPostprocessing = 0;
		};
/* End PBXFrameworksBuildPhase section */

/* Begin PBXGroup section */
		282EC8292656EEB80086B14F = {
			isa = PBXGroup;
			children = (
				282EC8342656EEB80086B14F /* Kindred */,
				282EC8462656EEB90086B14F /* KindredTests */,
				282EC8512656EEB90086B14F /* KindredUITests */,
				282EC8332656EEB80086B14F /* Products */,
			);
			sourceTree = "<group>";
		};
		282EC8332656EEB80086B14F /* Products */ = {
			isa = PBXGroup;
			children = (
				282EC8322656EEB80086B14F /* Kindred.app */,
				282EC8432656EEB90086B14F /* KindredTests.xctest */,
				282EC84E2656EEB90086B14F /* KindredUITests.xctest */,
			);
			name = Products;
			sourceTree = "<group>";
		};
		282EC8342656EEB80086B14F /* Kindred */ = {
			isa = PBXGroup;
			children = (
				28386F5826585D9C00E90445 /* Constants.swift */,
				282EC8662656EFFF0086B14F /* Models */,
				282EC8602656EEC90086B14F /* Reference Files */,
				282EC8352656EEB80086B14F /* KindredApp.swift */,
				28386F5F265868B800E90445 /* Views */,
				282EC8372656EEB80086B14F /* ContentView.swift */,
				28678D0F2658855F00289497 /* DisciplineIcons.xcassets */,
				282EC8392656EEB90086B14F /* Assets.xcassets */,
				282EC83E2656EEB90086B14F /* Info.plist */,
				282EC83B2656EEB90086B14F /* Preview Content */,
			);
			path = Kindred;
			sourceTree = "<group>";
		};
		282EC83B2656EEB90086B14F /* Preview Content */ = {
			isa = PBXGroup;
			children = (
				282EC83C2656EEB90086B14F /* Preview Assets.xcassets */,
			);
			path = "Preview Content";
			sourceTree = "<group>";
		};
		282EC8462656EEB90086B14F /* KindredTests */ = {
			isa = PBXGroup;
			children = (
				282EC8472656EEB90086B14F /* KindredTests.swift */,
				282EC8492656EEB90086B14F /* Info.plist */,
			);
			path = KindredTests;
			sourceTree = "<group>";
		};
		282EC8512656EEB90086B14F /* KindredUITests */ = {
			isa = PBXGroup;
			children = (
				282EC8522656EEB90086B14F /* KindredUITests.swift */,
				282EC8542656EEB90086B14F /* Info.plist */,
			);
			path = KindredUITests;
			sourceTree = "<group>";
		};
		282EC8602656EEC90086B14F /* Reference Files */ = {
			isa = PBXGroup;
			children = (
				28A0DE20265AF0C5008D90B4 /* Disciplines.csv */,
				28A0DE1F265AF0C5008D90B4 /* Powers.csv */,
				28773443265713100098E27B /* Skills.csv */,
				282EC8612656EED50086B14F /* Attributes.csv */,
			);
			path = "Reference Files";
			sourceTree = "<group>";
		};
		282EC8662656EFFF0086B14F /* Models */ = {
			isa = PBXGroup;
			children = (
				28386F5A2658618E00E90445 /* Core Data Extensions */,
				2877344026570EF20098E27B /* Factories */,
				282EC8672656F0150086B14F /* TraitReference.swift */,
				2877343D265703000098E27B /* KindredModel.xcdatamodeld */,
				28773449265713360098E27B /* DataController.swift */,
			);
			path = Models;
			sourceTree = "<group>";
		};
		28386F5A2658618E00E90445 /* Core Data Extensions */ = {
			isa = PBXGroup;
			children = (
				28386F5B2658619D00E90445 /* Discipline+.swift */,
				28386F6226586E2E00E90445 /* Power+.swift */,
			);
			path = "Core Data Extensions";
			sourceTree = "<group>";
		};
		28386F5F265868B800E90445 /* Views */ = {
			isa = PBXGroup;
			children = (
				28386F60265868DF00E90445 /* DisciplineDetailView.swift */,
				28386F6626587AA500E90445 /* PowerInfoView.swift */,
				28386F642658727400E90445 /* PowerLabelRow.swift */,
			);
			path = Views;
			sourceTree = "<group>";
		};
		2877344026570EF20098E27B /* Factories */ = {
			isa = PBXGroup;
			children = (
				2877344126570F520098E27B /* DisciplineFactory.swift */,
			);
			path = Factories;
			sourceTree = "<group>";
		};
/* End PBXGroup section */

/* Begin PBXNativeTarget section */
		282EC8312656EEB80086B14F /* Kindred */ = {
			isa = PBXNativeTarget;
			buildConfigurationList = 282EC8572656EEB90086B14F /* Build configuration list for PBXNativeTarget "Kindred" */;
			buildPhases = (
				282EC82E2656EEB80086B14F /* Sources */,
				282EC82F2656EEB80086B14F /* Frameworks */,
				282EC8302656EEB80086B14F /* Resources */,
			);
			buildRules = (
			);
			dependencies = (
			);
			name = Kindred;
			packageProductDependencies = (
				282EC8642656EFF30086B14F /* SwiftCSV */,
			);
			productName = Kindred;
			productReference = 282EC8322656EEB80086B14F /* Kindred.app */;
			productType = "com.apple.product-type.application";
		};
		282EC8422656EEB90086B14F /* KindredTests */ = {
			isa = PBXNativeTarget;
			buildConfigurationList = 282EC85A2656EEB90086B14F /* Build configuration list for PBXNativeTarget "KindredTests" */;
			buildPhases = (
				282EC83F2656EEB90086B14F /* Sources */,
				282EC8402656EEB90086B14F /* Frameworks */,
				282EC8412656EEB90086B14F /* Resources */,
			);
			buildRules = (
			);
			dependencies = (
				282EC8452656EEB90086B14F /* PBXTargetDependency */,
			);
			name = KindredTests;
			productName = KindredTests;
			productReference = 282EC8432656EEB90086B14F /* KindredTests.xctest */;
			productType = "com.apple.product-type.bundle.unit-test";
		};
		282EC84D2656EEB90086B14F /* KindredUITests */ = {
			isa = PBXNativeTarget;
			buildConfigurationList = 282EC85D2656EEB90086B14F /* Build configuration list for PBXNativeTarget "KindredUITests" */;
			buildPhases = (
				282EC84A2656EEB90086B14F /* Sources */,
				282EC84B2656EEB90086B14F /* Frameworks */,
				282EC84C2656EEB90086B14F /* Resources */,
			);
			buildRules = (
			);
			dependencies = (
				282EC8502656EEB90086B14F /* PBXTargetDependency */,
			);
			name = KindredUITests;
			productName = KindredUITests;
			productReference = 282EC84E2656EEB90086B14F /* KindredUITests.xctest */;
			productType = "com.apple.product-type.bundle.ui-testing";
		};
/* End PBXNativeTarget section */

/* Begin PBXProject section */
		282EC82A2656EEB80086B14F /* Project object */ = {
			isa = PBXProject;
			attributes = {
				LastSwiftUpdateCheck = 1250;
				LastUpgradeCheck = 1250;
				TargetAttributes = {
					282EC8312656EEB80086B14F = {
						CreatedOnToolsVersion = 12.5;
					};
					282EC8422656EEB90086B14F = {
						CreatedOnToolsVersion = 12.5;
						TestTargetID = 282EC8312656EEB80086B14F;
					};
					282EC84D2656EEB90086B14F = {
						CreatedOnToolsVersion = 12.5;
						TestTargetID = 282EC8312656EEB80086B14F;
					};
				};
			};
			buildConfigurationList = 282EC82D2656EEB80086B14F /* Build configuration list for PBXProject "Kindred" */;
			compatibilityVersion = "Xcode 9.3";
			developmentRegion = en;
			hasScannedForEncodings = 0;
			knownRegions = (
				en,
				Base,
			);
			mainGroup = 282EC8292656EEB80086B14F;
			packageReferences = (
				282EC8632656EFF30086B14F /* XCRemoteSwiftPackageReference "SwiftCSV" */,
			);
			productRefGroup = 282EC8332656EEB80086B14F /* Products */;
			projectDirPath = "";
			projectRoot = "";
			targets = (
				282EC8312656EEB80086B14F /* Kindred */,
				282EC8422656EEB90086B14F /* KindredTests */,
				282EC84D2656EEB90086B14F /* KindredUITests */,
			);
		};
/* End PBXProject section */

/* Begin PBXResourcesBuildPhase section */
		282EC8302656EEB80086B14F /* Resources */ = {
			isa = PBXResourcesBuildPhase;
			buildActionMask = 2147483647;
			files = (
				28A0DE21265AF0C5008D90B4 /* Powers.csv in Resources */,
				28678D102658855F00289497 /* DisciplineIcons.xcassets in Resources */,
				28A0DE22265AF0C5008D90B4 /* Disciplines.csv in Resources */,
				282EC8622656EED50086B14F /* Attributes.csv in Resources */,
				282EC83D2656EEB90086B14F /* Preview Assets.xcassets in Resources */,
				28773444265713100098E27B /* Skills.csv in Resources */,
				282EC83A2656EEB90086B14F /* Assets.xcassets in Resources */,
			);
			runOnlyForDeploymentPostprocessing = 0;
		};
		282EC8412656EEB90086B14F /* Resources */ = {
			isa = PBXResourcesBuildPhase;
			buildActionMask = 2147483647;
			files = (
			);
			runOnlyForDeploymentPostprocessing = 0;
		};
		282EC84C2656EEB90086B14F /* Resources */ = {
			isa = PBXResourcesBuildPhase;
			buildActionMask = 2147483647;
			files = (
			);
			runOnlyForDeploymentPostprocessing = 0;
		};
/* End PBXResourcesBuildPhase section */

/* Begin PBXSourcesBuildPhase section */
		282EC82E2656EEB80086B14F /* Sources */ = {
			isa = PBXSourcesBuildPhase;
			buildActionMask = 2147483647;
			files = (
				282EC8682656F0150086B14F /* TraitReference.swift in Sources */,
				2877344A265713360098E27B /* DataController.swift in Sources */,
				28386F6726587AA500E90445 /* PowerInfoView.swift in Sources */,
				28386F652658727400E90445 /* PowerLabelRow.swift in Sources */,
				28386F61265868DF00E90445 /* DisciplineDetailView.swift in Sources */,
				282EC8382656EEB80086B14F /* ContentView.swift in Sources */,
				28386F5C2658619D00E90445 /* Discipline+.swift in Sources */,
				2877344226570F520098E27B /* DisciplineFactory.swift in Sources */,
				28386F5926585D9C00E90445 /* Constants.swift in Sources */,
				28386F6326586E2E00E90445 /* Power+.swift in Sources */,
				282EC8362656EEB80086B14F /* KindredApp.swift in Sources */,
				2877343F265703000098E27B /* KindredModel.xcdatamodeld in Sources */,
			);
			runOnlyForDeploymentPostprocessing = 0;
		};
		282EC83F2656EEB90086B14F /* Sources */ = {
			isa = PBXSourcesBuildPhase;
			buildActionMask = 2147483647;
			files = (
				282EC8482656EEB90086B14F /* KindredTests.swift in Sources */,
			);
			runOnlyForDeploymentPostprocessing = 0;
		};
		282EC84A2656EEB90086B14F /* Sources */ = {
			isa = PBXSourcesBuildPhase;
			buildActionMask = 2147483647;
			files = (
				282EC8532656EEB90086B14F /* KindredUITests.swift in Sources */,
			);
			runOnlyForDeploymentPostprocessing = 0;
		};
/* End PBXSourcesBuildPhase section */

/* Begin PBXTargetDependency section */
		282EC8452656EEB90086B14F /* PBXTargetDependency */ = {
			isa = PBXTargetDependency;
			target = 282EC8312656EEB80086B14F /* Kindred */;
			targetProxy = 282EC8442656EEB90086B14F /* PBXContainerItemProxy */;
		};
		282EC8502656EEB90086B14F /* PBXTargetDependency */ = {
			isa = PBXTargetDependency;
			target = 282EC8312656EEB80086B14F /* Kindred */;
			targetProxy = 282EC84F2656EEB90086B14F /* PBXContainerItemProxy */;
		};
/* End PBXTargetDependency section */

/* Begin XCBuildConfiguration section */
		282EC8552656EEB90086B14F /* Debug */ = {
			isa = XCBuildConfiguration;
			buildSettings = {
				ALWAYS_SEARCH_USER_PATHS = NO;
				CLANG_ANALYZER_NONNULL = YES;
				CLANG_ANALYZER_NUMBER_OBJECT_CONVERSION = YES_AGGRESSIVE;
				CLANG_CXX_LANGUAGE_STANDARD = "gnu++14";
				CLANG_CXX_LIBRARY = "libc++";
				CLANG_ENABLE_MODULES = YES;
				CLANG_ENABLE_OBJC_ARC = YES;
				CLANG_ENABLE_OBJC_WEAK = YES;
				CLANG_WARN_BLOCK_CAPTURE_AUTORELEASING = YES;
				CLANG_WARN_BOOL_CONVERSION = YES;
				CLANG_WARN_COMMA = YES;
				CLANG_WARN_CONSTANT_CONVERSION = YES;
				CLANG_WARN_DEPRECATED_OBJC_IMPLEMENTATIONS = YES;
				CLANG_WARN_DIRECT_OBJC_ISA_USAGE = YES_ERROR;
				CLANG_WARN_DOCUMENTATION_COMMENTS = YES;
				CLANG_WARN_EMPTY_BODY = YES;
				CLANG_WARN_ENUM_CONVERSION = YES;
				CLANG_WARN_INFINITE_RECURSION = YES;
				CLANG_WARN_INT_CONVERSION = YES;
				CLANG_WARN_NON_LITERAL_NULL_CONVERSION = YES;
				CLANG_WARN_OBJC_IMPLICIT_RETAIN_SELF = YES;
				CLANG_WARN_OBJC_LITERAL_CONVERSION = YES;
				CLANG_WARN_OBJC_ROOT_CLASS = YES_ERROR;
				CLANG_WARN_QUOTED_INCLUDE_IN_FRAMEWORK_HEADER = YES;
				CLANG_WARN_RANGE_LOOP_ANALYSIS = YES;
				CLANG_WARN_STRICT_PROTOTYPES = YES;
				CLANG_WARN_SUSPICIOUS_MOVE = YES;
				CLANG_WARN_UNGUARDED_AVAILABILITY = YES_AGGRESSIVE;
				CLANG_WARN_UNREACHABLE_CODE = YES;
				CLANG_WARN__DUPLICATE_METHOD_MATCH = YES;
				COPY_PHASE_STRIP = NO;
				DEBUG_INFORMATION_FORMAT = dwarf;
				ENABLE_STRICT_OBJC_MSGSEND = YES;
				ENABLE_TESTABILITY = YES;
				GCC_C_LANGUAGE_STANDARD = gnu11;
				GCC_DYNAMIC_NO_PIC = NO;
				GCC_NO_COMMON_BLOCKS = YES;
				GCC_OPTIMIZATION_LEVEL = 0;
				GCC_PREPROCESSOR_DEFINITIONS = (
					"DEBUG=1",
					"$(inherited)",
				);
				GCC_WARN_64_TO_32_BIT_CONVERSION = YES;
				GCC_WARN_ABOUT_RETURN_TYPE = YES_ERROR;
				GCC_WARN_UNDECLARED_SELECTOR = YES;
				GCC_WARN_UNINITIALIZED_AUTOS = YES_AGGRESSIVE;
				GCC_WARN_UNUSED_FUNCTION = YES;
				GCC_WARN_UNUSED_VARIABLE = YES;
				IPHONEOS_DEPLOYMENT_TARGET = 14.5;
				MTL_ENABLE_DEBUG_INFO = INCLUDE_SOURCE;
				MTL_FAST_MATH = YES;
				ONLY_ACTIVE_ARCH = YES;
				SDKROOT = iphoneos;
				SWIFT_ACTIVE_COMPILATION_CONDITIONS = DEBUG;
				SWIFT_OPTIMIZATION_LEVEL = "-Onone";
			};
			name = Debug;
		};
		282EC8562656EEB90086B14F /* Release */ = {
			isa = XCBuildConfiguration;
			buildSettings = {
				ALWAYS_SEARCH_USER_PATHS = NO;
				CLANG_ANALYZER_NONNULL = YES;
				CLANG_ANALYZER_NUMBER_OBJECT_CONVERSION = YES_AGGRESSIVE;
				CLANG_CXX_LANGUAGE_STANDARD = "gnu++14";
				CLANG_CXX_LIBRARY = "libc++";
				CLANG_ENABLE_MODULES = YES;
				CLANG_ENABLE_OBJC_ARC = YES;
				CLANG_ENABLE_OBJC_WEAK = YES;
				CLANG_WARN_BLOCK_CAPTURE_AUTORELEASING = YES;
				CLANG_WARN_BOOL_CONVERSION = YES;
				CLANG_WARN_COMMA = YES;
				CLANG_WARN_CONSTANT_CONVERSION = YES;
				CLANG_WARN_DEPRECATED_OBJC_IMPLEMENTATIONS = YES;
				CLANG_WARN_DIRECT_OBJC_ISA_USAGE = YES_ERROR;
				CLANG_WARN_DOCUMENTATION_COMMENTS = YES;
				CLANG_WARN_EMPTY_BODY = YES;
				CLANG_WARN_ENUM_CONVERSION = YES;
				CLANG_WARN_INFINITE_RECURSION = YES;
				CLANG_WARN_INT_CONVERSION = YES;
				CLANG_WARN_NON_LITERAL_NULL_CONVERSION = YES;
				CLANG_WARN_OBJC_IMPLICIT_RETAIN_SELF = YES;
				CLANG_WARN_OBJC_LITERAL_CONVERSION = YES;
				CLANG_WARN_OBJC_ROOT_CLASS = YES_ERROR;
				CLANG_WARN_QUOTED_INCLUDE_IN_FRAMEWORK_HEADER = YES;
				CLANG_WARN_RANGE_LOOP_ANALYSIS = YES;
				CLANG_WARN_STRICT_PROTOTYPES = YES;
				CLANG_WARN_SUSPICIOUS_MOVE = YES;
				CLANG_WARN_UNGUARDED_AVAILABILITY = YES_AGGRESSIVE;
				CLANG_WARN_UNREACHABLE_CODE = YES;
				CLANG_WARN__DUPLICATE_METHOD_MATCH = YES;
				COPY_PHASE_STRIP = NO;
				DEBUG_INFORMATION_FORMAT = "dwarf-with-dsym";
				ENABLE_NS_ASSERTIONS = NO;
				ENABLE_STRICT_OBJC_MSGSEND = YES;
				GCC_C_LANGUAGE_STANDARD = gnu11;
				GCC_NO_COMMON_BLOCKS = YES;
				GCC_WARN_64_TO_32_BIT_CONVERSION = YES;
				GCC_WARN_ABOUT_RETURN_TYPE = YES_ERROR;
				GCC_WARN_UNDECLARED_SELECTOR = YES;
				GCC_WARN_UNINITIALIZED_AUTOS = YES_AGGRESSIVE;
				GCC_WARN_UNUSED_FUNCTION = YES;
				GCC_WARN_UNUSED_VARIABLE = YES;
				IPHONEOS_DEPLOYMENT_TARGET = 14.5;
				MTL_ENABLE_DEBUG_INFO = NO;
				MTL_FAST_MATH = YES;
				SDKROOT = iphoneos;
				SWIFT_COMPILATION_MODE = wholemodule;
				SWIFT_OPTIMIZATION_LEVEL = "-O";
				VALIDATE_PRODUCT = YES;
			};
			name = Release;
		};
		282EC8582656EEB90086B14F /* Debug */ = {
			isa = XCBuildConfiguration;
			buildSettings = {
				ASSETCATALOG_COMPILER_APPICON_NAME = AppIcon;
				ASSETCATALOG_COMPILER_GLOBAL_ACCENT_COLOR_NAME = AccentColor;
				CODE_SIGN_STYLE = Automatic;
				DEVELOPMENT_ASSET_PATHS = "\"Kindred/Preview Content\"";
				DEVELOPMENT_TEAM = 56MB68UYDC;
				ENABLE_PREVIEWS = YES;
				INFOPLIST_FILE = Kindred/Info.plist;
				IPHONEOS_DEPLOYMENT_TARGET = 14.0;
				LD_RUNPATH_SEARCH_PATHS = (
					"$(inherited)",
					"@executable_path/Frameworks",
				);
				PRODUCT_BUNDLE_IDENTIFIER = com.tiltowait.Kindred;
				PRODUCT_NAME = "$(TARGET_NAME)";
				SWIFT_VERSION = 5.0;
				TARGETED_DEVICE_FAMILY = "1,2";
			};
			name = Debug;
		};
		282EC8592656EEB90086B14F /* Release */ = {
			isa = XCBuildConfiguration;
			buildSettings = {
				ASSETCATALOG_COMPILER_APPICON_NAME = AppIcon;
				ASSETCATALOG_COMPILER_GLOBAL_ACCENT_COLOR_NAME = AccentColor;
				CODE_SIGN_STYLE = Automatic;
				DEVELOPMENT_ASSET_PATHS = "\"Kindred/Preview Content\"";
				DEVELOPMENT_TEAM = 56MB68UYDC;
				ENABLE_PREVIEWS = YES;
				INFOPLIST_FILE = Kindred/Info.plist;
				IPHONEOS_DEPLOYMENT_TARGET = 14.0;
				LD_RUNPATH_SEARCH_PATHS = (
					"$(inherited)",
					"@executable_path/Frameworks",
				);
				PRODUCT_BUNDLE_IDENTIFIER = com.tiltowait.Kindred;
				PRODUCT_NAME = "$(TARGET_NAME)";
				SWIFT_VERSION = 5.0;
				TARGETED_DEVICE_FAMILY = "1,2";
			};
			name = Release;
		};
		282EC85B2656EEB90086B14F /* Debug */ = {
			isa = XCBuildConfiguration;
			buildSettings = {
				ALWAYS_EMBED_SWIFT_STANDARD_LIBRARIES = YES;
				BUNDLE_LOADER = "$(TEST_HOST)";
				CODE_SIGN_STYLE = Automatic;
				DEVELOPMENT_TEAM = 56MB68UYDC;
				INFOPLIST_FILE = KindredTests/Info.plist;
				IPHONEOS_DEPLOYMENT_TARGET = 14.0;
				LD_RUNPATH_SEARCH_PATHS = (
					"$(inherited)",
					"@executable_path/Frameworks",
					"@loader_path/Frameworks",
				);
				PRODUCT_BUNDLE_IDENTIFIER = com.tiltowait.KindredTests;
				PRODUCT_NAME = "$(TARGET_NAME)";
				SWIFT_VERSION = 5.0;
				TARGETED_DEVICE_FAMILY = "1,2";
				TEST_HOST = "$(BUILT_PRODUCTS_DIR)/Kindred.app/Kindred";
			};
			name = Debug;
		};
		282EC85C2656EEB90086B14F /* Release */ = {
			isa = XCBuildConfiguration;
			buildSettings = {
				ALWAYS_EMBED_SWIFT_STANDARD_LIBRARIES = YES;
				BUNDLE_LOADER = "$(TEST_HOST)";
				CODE_SIGN_STYLE = Automatic;
				DEVELOPMENT_TEAM = 56MB68UYDC;
				INFOPLIST_FILE = KindredTests/Info.plist;
				IPHONEOS_DEPLOYMENT_TARGET = 14.0;
				LD_RUNPATH_SEARCH_PATHS = (
					"$(inherited)",
					"@executable_path/Frameworks",
					"@loader_path/Frameworks",
				);
				PRODUCT_BUNDLE_IDENTIFIER = com.tiltowait.KindredTests;
				PRODUCT_NAME = "$(TARGET_NAME)";
				SWIFT_VERSION = 5.0;
				TARGETED_DEVICE_FAMILY = "1,2";
				TEST_HOST = "$(BUILT_PRODUCTS_DIR)/Kindred.app/Kindred";
			};
			name = Release;
		};
		282EC85E2656EEB90086B14F /* Debug */ = {
			isa = XCBuildConfiguration;
			buildSettings = {
				ALWAYS_EMBED_SWIFT_STANDARD_LIBRARIES = YES;
				CODE_SIGN_STYLE = Automatic;
				DEVELOPMENT_TEAM = 56MB68UYDC;
				INFOPLIST_FILE = KindredUITests/Info.plist;
				LD_RUNPATH_SEARCH_PATHS = (
					"$(inherited)",
					"@executable_path/Frameworks",
					"@loader_path/Frameworks",
				);
				PRODUCT_BUNDLE_IDENTIFIER = com.tiltowait.KindredUITests;
				PRODUCT_NAME = "$(TARGET_NAME)";
				SWIFT_VERSION = 5.0;
				TARGETED_DEVICE_FAMILY = "1,2";
				TEST_TARGET_NAME = Kindred;
			};
			name = Debug;
		};
		282EC85F2656EEB90086B14F /* Release */ = {
			isa = XCBuildConfiguration;
			buildSettings = {
				ALWAYS_EMBED_SWIFT_STANDARD_LIBRARIES = YES;
				CODE_SIGN_STYLE = Automatic;
				DEVELOPMENT_TEAM = 56MB68UYDC;
				INFOPLIST_FILE = KindredUITests/Info.plist;
				LD_RUNPATH_SEARCH_PATHS = (
					"$(inherited)",
					"@executable_path/Frameworks",
					"@loader_path/Frameworks",
				);
				PRODUCT_BUNDLE_IDENTIFIER = com.tiltowait.KindredUITests;
				PRODUCT_NAME = "$(TARGET_NAME)";
				SWIFT_VERSION = 5.0;
				TARGETED_DEVICE_FAMILY = "1,2";
				TEST_TARGET_NAME = Kindred;
			};
			name = Release;
		};
/* End XCBuildConfiguration section */

/* Begin XCConfigurationList section */
		282EC82D2656EEB80086B14F /* Build configuration list for PBXProject "Kindred" */ = {
			isa = XCConfigurationList;
			buildConfigurations = (
				282EC8552656EEB90086B14F /* Debug */,
				282EC8562656EEB90086B14F /* Release */,
			);
			defaultConfigurationIsVisible = 0;
			defaultConfigurationName = Release;
		};
		282EC8572656EEB90086B14F /* Build configuration list for PBXNativeTarget "Kindred" */ = {
			isa = XCConfigurationList;
			buildConfigurations = (
				282EC8582656EEB90086B14F /* Debug */,
				282EC8592656EEB90086B14F /* Release */,
			);
			defaultConfigurationIsVisible = 0;
			defaultConfigurationName = Release;
		};
		282EC85A2656EEB90086B14F /* Build configuration list for PBXNativeTarget "KindredTests" */ = {
			isa = XCConfigurationList;
			buildConfigurations = (
				282EC85B2656EEB90086B14F /* Debug */,
				282EC85C2656EEB90086B14F /* Release */,
			);
			defaultConfigurationIsVisible = 0;
			defaultConfigurationName = Release;
		};
		282EC85D2656EEB90086B14F /* Build configuration list for PBXNativeTarget "KindredUITests" */ = {
			isa = XCConfigurationList;
			buildConfigurations = (
				282EC85E2656EEB90086B14F /* Debug */,
				282EC85F2656EEB90086B14F /* Release */,
			);
			defaultConfigurationIsVisible = 0;
			defaultConfigurationName = Release;
		};
/* End XCConfigurationList section */

/* Begin XCRemoteSwiftPackageReference section */
		282EC8632656EFF30086B14F /* XCRemoteSwiftPackageReference "SwiftCSV" */ = {
			isa = XCRemoteSwiftPackageReference;
			repositoryURL = "https://github.com/swiftcsv/SwiftCSV.git";
			requirement = {
				kind = upToNextMajorVersion;
				minimumVersion = 0.6.0;
			};
		};
/* End XCRemoteSwiftPackageReference section */

/* Begin XCSwiftPackageProductDependency section */
		282EC8642656EFF30086B14F /* SwiftCSV */ = {
			isa = XCSwiftPackageProductDependency;
			package = 282EC8632656EFF30086B14F /* XCRemoteSwiftPackageReference "SwiftCSV" */;
			productName = SwiftCSV;
		};
/* End XCSwiftPackageProductDependency section */

/* Begin XCVersionGroup section */
		2877343D265703000098E27B /* KindredModel.xcdatamodeld */ = {
			isa = XCVersionGroup;
			children = (
				2877343E265703000098E27B /* KindredModel.xcdatamodel */,
			);
			currentVersion = 2877343E265703000098E27B /* KindredModel.xcdatamodel */;
			path = KindredModel.xcdatamodeld;
			sourceTree = "<group>";
			versionGroupType = wrapper.xcdatamodel;
		};
/* End XCVersionGroup section */
	};
	rootObject = 282EC82A2656EEB80086B14F /* Project object */;
}
