// !$*UTF8*$!
{
	archiveVersion = 1;
	classes = {
	};
	objectVersion = 52;
	objects = {

/* Begin PBXBuildFile section */
		2801217B26793F540069C496 /* RangePicker.swift in Sources */ = {isa = PBXBuildFile; fileRef = 2801217A26793F540069C496 /* RangePicker.swift */; };
		28138762267D579D006DA73C /* Clan Icons.xcassets in Resources */ = {isa = PBXBuildFile; fileRef = 28138761267D579D006DA73C /* Clan Icons.xcassets */; };
		28138764267D57A4006DA73C /* Clan Headers.xcassets in Resources */ = {isa = PBXBuildFile; fileRef = 28138763267D57A4006DA73C /* Clan Headers.xcassets */; };
		28138772267D70CF006DA73C /* ClanDetail.swift in Sources */ = {isa = PBXBuildFile; fileRef = 28138771267D70CF006DA73C /* ClanDetail.swift */; };
		28138774267D70D8006DA73C /* ClanDetailViewModel.swift in Sources */ = {isa = PBXBuildFile; fileRef = 28138773267D70D8006DA73C /* ClanDetailViewModel.swift */; };
		28138776267D7BB7006DA73C /* ClanList.swift in Sources */ = {isa = PBXBuildFile; fileRef = 28138775267D7BB7006DA73C /* ClanList.swift */; };
		28138778267D7BC4006DA73C /* ClanListViewController.swift in Sources */ = {isa = PBXBuildFile; fileRef = 28138777267D7BC4006DA73C /* ClanListViewController.swift */; };
		2813877A267D7BD0006DA73C /* OptionalKindredViewModel.swift in Sources */ = {isa = PBXBuildFile; fileRef = 28138779267D7BD0006DA73C /* OptionalKindredViewModel.swift */; };
		2813877C267D7DA2006DA73C /* ClanRow.swift in Sources */ = {isa = PBXBuildFile; fileRef = 2813877B267D7DA2006DA73C /* ClanRow.swift */; };
		28189D642681449E0099E8DF /* AdvantageView.swift in Sources */ = {isa = PBXBuildFile; fileRef = 28189D632681449E0099E8DF /* AdvantageView.swift */; };
		28189D66268145CF0099E8DF /* AdvantageViewModel.swift in Sources */ = {isa = PBXBuildFile; fileRef = 28189D65268145CF0099E8DF /* AdvantageViewModel.swift */; };
		28189D6826814A520099E8DF /* AdvantageOptionView.swift in Sources */ = {isa = PBXBuildFile; fileRef = 28189D6726814A520099E8DF /* AdvantageOptionView.swift */; };
		28189D6A26814C060099E8DF /* AdvantageOptionViewModel.swift in Sources */ = {isa = PBXBuildFile; fileRef = 28189D6926814C060099E8DF /* AdvantageOptionViewModel.swift */; };
		281E21F9267D419200B49C37 /* CenteredModifier.swift in Sources */ = {isa = PBXBuildFile; fileRef = 281E21F8267D419200B49C37 /* CenteredModifier.swift */; };
		281F80382680FAC600B5B387 /* CharacterListViewModel.swift in Sources */ = {isa = PBXBuildFile; fileRef = 281F80372680FAC600B5B387 /* CharacterListViewModel.swift */; };
		281F803A2681302300B5B387 /* AdvantageImporter.swift in Sources */ = {isa = PBXBuildFile; fileRef = 281F80392681302300B5B387 /* AdvantageImporter.swift */; };
		281F803C2681315700B5B387 /* AdvantageOptionImporter.swift in Sources */ = {isa = PBXBuildFile; fileRef = 281F803B2681315700B5B387 /* AdvantageOptionImporter.swift */; };
		281F803E2681337700B5B387 /* Advantage+.swift in Sources */ = {isa = PBXBuildFile; fileRef = 281F803D2681337700B5B387 /* Advantage+.swift */; };
		281F8040268133D200B5B387 /* AdvantageOption+.swift in Sources */ = {isa = PBXBuildFile; fileRef = 281F803F268133D200B5B387 /* AdvantageOption+.swift */; };
		281F80432681388900B5B387 /* AdvantageList.swift in Sources */ = {isa = PBXBuildFile; fileRef = 281F80422681388900B5B387 /* AdvantageList.swift */; };
		281F8045268138A200B5B387 /* AdvantageListViewController.swift in Sources */ = {isa = PBXBuildFile; fileRef = 281F8044268138A200B5B387 /* AdvantageListViewController.swift */; };
		28252069267916CD0066F09B /* TraitRater.swift in Sources */ = {isa = PBXBuildFile; fileRef = 28252068267916CD0066F09B /* TraitRater.swift */; };
		2825206B267918E30066F09B /* KeyPath+.swift in Sources */ = {isa = PBXBuildFile; fileRef = 2825206A267918E30066F09B /* KeyPath+.swift */; };
		2825206D26792A9D0066F09B /* TraitReference.plist in Resources */ = {isa = PBXBuildFile; fileRef = 2825206C26792A9D0066F09B /* TraitReference.plist */; };
		282EC8362656EEB80086B14F /* KindredApp.swift in Sources */ = {isa = PBXBuildFile; fileRef = 282EC8352656EEB80086B14F /* KindredApp.swift */; };
		282EC8382656EEB80086B14F /* HomeView.swift in Sources */ = {isa = PBXBuildFile; fileRef = 282EC8372656EEB80086B14F /* HomeView.swift */; };
		282EC83A2656EEB90086B14F /* Assets.xcassets in Resources */ = {isa = PBXBuildFile; fileRef = 282EC8392656EEB90086B14F /* Assets.xcassets */; };
		282EC83D2656EEB90086B14F /* Preview Assets.xcassets in Resources */ = {isa = PBXBuildFile; fileRef = 282EC83C2656EEB90086B14F /* Preview Assets.xcassets */; };
		282EC8482656EEB90086B14F /* KindredTests.swift in Sources */ = {isa = PBXBuildFile; fileRef = 282EC8472656EEB90086B14F /* KindredTests.swift */; };
		282EC8532656EEB90086B14F /* KindredUITests.swift in Sources */ = {isa = PBXBuildFile; fileRef = 282EC8522656EEB90086B14F /* KindredUITests.swift */; };
		2833CAC6267A794E00160A96 /* BasicInfoDetailViewModel.swift in Sources */ = {isa = PBXBuildFile; fileRef = 2833CAC5267A794E00160A96 /* BasicInfoDetailViewModel.swift */; };
		2833CAC8267A797D00160A96 /* BaseKindredViewModel.swift in Sources */ = {isa = PBXBuildFile; fileRef = 2833CAC7267A797D00160A96 /* BaseKindredViewModel.swift */; };
		2833CACA267A7F3300160A96 /* BoldTextField.swift in Sources */ = {isa = PBXBuildFile; fileRef = 2833CAC9267A7F3300160A96 /* BoldTextField.swift */; };
		2833CAD0267A978900160A96 /* TextFieldAlert.swift in Sources */ = {isa = PBXBuildFile; fileRef = 2833CACF267A978900160A96 /* TextFieldAlert.swift */; };
		28386F5926585D9C00E90445 /* Constants.swift in Sources */ = {isa = PBXBuildFile; fileRef = 28386F5826585D9C00E90445 /* Constants.swift */; };
		28386F5C2658619D00E90445 /* Discipline+.swift in Sources */ = {isa = PBXBuildFile; fileRef = 28386F5B2658619D00E90445 /* Discipline+.swift */; };
		28386F6326586E2E00E90445 /* Power+.swift in Sources */ = {isa = PBXBuildFile; fileRef = 28386F6226586E2E00E90445 /* Power+.swift */; };
		28386F652658727400E90445 /* PowerRow.swift in Sources */ = {isa = PBXBuildFile; fileRef = 28386F642658727400E90445 /* PowerRow.swift */; };
		283DE7E82677DF8200876573 /* CharacterDetailViewModel.swift in Sources */ = {isa = PBXBuildFile; fileRef = 283DE7E72677DF8200876573 /* CharacterDetailViewModel.swift */; };
		283DE7EA2677E1A200876573 /* ScrollingImageHeader.swift in Sources */ = {isa = PBXBuildFile; fileRef = 283DE7E92677E1A200876573 /* ScrollingImageHeader.swift */; };
		283DE7EE2677E8C800876573 /* KindredImage+.swift in Sources */ = {isa = PBXBuildFile; fileRef = 283DE7ED2677E8C800876573 /* KindredImage+.swift */; };
		283DE7F02677F3BB00876573 /* ScrollingImageHeaderViewModel.swift in Sources */ = {isa = PBXBuildFile; fileRef = 283DE7EF2677F3BB00876573 /* ScrollingImageHeaderViewModel.swift */; };
		28474426267832D200C1E3A5 /* DotView.swift in Sources */ = {isa = PBXBuildFile; fileRef = 28474425267832D200C1E3A5 /* DotView.swift */; };
		284B8583267D0FDD00F159DC /* UIViewController+.swift in Sources */ = {isa = PBXBuildFile; fileRef = 284B8582267D0FDD00F159DC /* UIViewController+.swift */; };
		284CF5B92677CE6B007B298B /* ImagePicker.swift in Sources */ = {isa = PBXBuildFile; fileRef = 284CF5B82677CE6B007B298B /* ImagePicker.swift */; };
		284CF5BF2677D401007B298B /* ImageTabs.swift in Sources */ = {isa = PBXBuildFile; fileRef = 284CF5BE2677D401007B298B /* ImageTabs.swift */; };
		2852D305267D2AAB009AF8D1 /* ButtonStyles.swift in Sources */ = {isa = PBXBuildFile; fileRef = 2852D304267D2AAB009AF8D1 /* ButtonStyles.swift */; };
		2852D307267D3A6F009AF8D1 /* CreateCharacterView.swift in Sources */ = {isa = PBXBuildFile; fileRef = 2852D306267D3A6F009AF8D1 /* CreateCharacterView.swift */; };
		2852D309267D3A7D009AF8D1 /* CreateCharacterViewController.swift in Sources */ = {isa = PBXBuildFile; fileRef = 2852D308267D3A7D009AF8D1 /* CreateCharacterViewController.swift */; };
		28678D102658855F00289497 /* DisciplineIcons.xcassets in Resources */ = {isa = PBXBuildFile; fileRef = 28678D0F2658855F00289497 /* DisciplineIcons.xcassets */; };
		286FBF7D265D57C400AAA469 /* InfoItem+.swift in Sources */ = {isa = PBXBuildFile; fileRef = 286FBF7C265D57C400AAA469 /* InfoItem+.swift */; };
		286FBF7F265D580E00AAA469 /* ReferenceItem+.swift in Sources */ = {isa = PBXBuildFile; fileRef = 286FBF7E265D580E00AAA469 /* ReferenceItem+.swift */; };
		286FBF85265D930500AAA469 /* DisciplineRow.swift in Sources */ = {isa = PBXBuildFile; fileRef = 286FBF84265D930500AAA469 /* DisciplineRow.swift */; };
		286FBF87265D94B900AAA469 /* DisciplineList.swift in Sources */ = {isa = PBXBuildFile; fileRef = 286FBF86265D94B900AAA469 /* DisciplineList.swift */; };
		286FBF8A265D978400AAA469 /* ReferenceList.swift in Sources */ = {isa = PBXBuildFile; fileRef = 286FBF89265D978400AAA469 /* ReferenceList.swift */; };
		286FBF8C265D98BA00AAA469 /* IconFooter.swift in Sources */ = {isa = PBXBuildFile; fileRef = 286FBF8B265D98BA00AAA469 /* IconFooter.swift */; };
		286FBF90265D9EDF00AAA469 /* Color+.swift in Sources */ = {isa = PBXBuildFile; fileRef = 286FBF8F265D9EDF00AAA469 /* Color+.swift */; };
		2870436A26823C71005F6589 /* PlainTextHeader.swift in Sources */ = {isa = PBXBuildFile; fileRef = 2870436926823C71005F6589 /* PlainTextHeader.swift */; };
		2870436E26824110005F6589 /* AdvantageContainer+.swift in Sources */ = {isa = PBXBuildFile; fileRef = 2870436D26824110005F6589 /* AdvantageContainer+.swift */; };
		2870437026824847005F6589 /* CharacterAdvantages.swift in Sources */ = {isa = PBXBuildFile; fileRef = 2870436F26824847005F6589 /* CharacterAdvantages.swift */; };
		287043722682485A005F6589 /* CharacterAdvantagesViewModel.swift in Sources */ = {isa = PBXBuildFile; fileRef = 287043712682485A005F6589 /* CharacterAdvantagesViewModel.swift */; };
		2877343F265703000098E27B /* KindredModel.xcdatamodeld in Sources */ = {isa = PBXBuildFile; fileRef = 2877343D265703000098E27B /* KindredModel.xcdatamodeld */; };
		2877344A265713360098E27B /* DataController.swift in Sources */ = {isa = PBXBuildFile; fileRef = 28773449265713360098E27B /* DataController.swift */; };
		287F87F92682575D00DF140E /* AdvantageRow.swift in Sources */ = {isa = PBXBuildFile; fileRef = 287F87F82682575D00DF140E /* AdvantageRow.swift */; };
		287F87FB2682738800DF140E /* DotSelector.swift in Sources */ = {isa = PBXBuildFile; fileRef = 287F87FA2682738800DF140E /* DotSelector.swift */; };
		287F87FD2682943400DF140E /* AdvantageOptionMarker.swift in Sources */ = {isa = PBXBuildFile; fileRef = 287F87FC2682943400DF140E /* AdvantageOptionMarker.swift */; };
		287F880026829E5800DF140E /* CharacterNotesView.swift in Sources */ = {isa = PBXBuildFile; fileRef = 287F87FF26829E5800DF140E /* CharacterNotesView.swift */; };
		287F880326829E7800DF140E /* TextView in Frameworks */ = {isa = PBXBuildFile; productRef = 287F880226829E7800DF140E /* TextView */; };
		2892168B267E5C9A004911EA /* Importer.swift in Sources */ = {isa = PBXBuildFile; fileRef = 2892168A267E5C9A004911EA /* Importer.swift */; };
		2892168D267E5D4C004911EA /* ClanImporter.swift in Sources */ = {isa = PBXBuildFile; fileRef = 2892168C267E5D4C004911EA /* ClanImporter.swift */; };
		28921690267E5D88004911EA /* SQLite in Frameworks */ = {isa = PBXBuildFile; productRef = 2892168F267E5D88004911EA /* SQLite */; };
		28921692267E64DE004911EA /* NSManagedObject+.swift in Sources */ = {isa = PBXBuildFile; fileRef = 28921691267E64DE004911EA /* NSManagedObject+.swift */; };
		28921696267E6BDB004911EA /* reference.sqlite in Resources */ = {isa = PBXBuildFile; fileRef = 28921695267E6BDB004911EA /* reference.sqlite */; };
		28921698267E6C40004911EA /* PowerImporter.swift in Sources */ = {isa = PBXBuildFile; fileRef = 28921697267E6C40004911EA /* PowerImporter.swift */; };
		2892169A267E6F71004911EA /* DisciplineImporter.swift in Sources */ = {isa = PBXBuildFile; fileRef = 28921699267E6F71004911EA /* DisciplineImporter.swift */; };
		28A1E9E92677AA1A0084F483 /* Kindred+.swift in Sources */ = {isa = PBXBuildFile; fileRef = 28A1E9E82677AA1A0084F483 /* Kindred+.swift */; };
		28A1E9EB2677ADFF0084F483 /* CharacterImporter.swift in Sources */ = {isa = PBXBuildFile; fileRef = 28A1E9EA2677ADFF0084F483 /* CharacterImporter.swift */; };
		28A1E9ED2677B62A0084F483 /* CharacterDetail.swift in Sources */ = {isa = PBXBuildFile; fileRef = 28A1E9EC2677B62A0084F483 /* CharacterDetail.swift */; };
		28A1E9EF2677B6C40084F483 /* TraitSummary.swift in Sources */ = {isa = PBXBuildFile; fileRef = 28A1E9EE2677B6C40084F483 /* TraitSummary.swift */; };
		28A1E9F12677B73B0084F483 /* BoldLabel.swift in Sources */ = {isa = PBXBuildFile; fileRef = 28A1E9F02677B73B0084F483 /* BoldLabel.swift */; };
		28A39EB32679614000867AB9 /* UIImage+.swift in Sources */ = {isa = PBXBuildFile; fileRef = 28A39EB22679614000867AB9 /* UIImage+.swift */; };
		28A39EB52679630B00867AB9 /* ButtonPad.swift in Sources */ = {isa = PBXBuildFile; fileRef = 28A39EB42679630B00867AB9 /* ButtonPad.swift */; };
		28A39EBB2679698500867AB9 /* DiceRollView.swift in Sources */ = {isa = PBXBuildFile; fileRef = 28A39EBA2679698500867AB9 /* DiceRollView.swift */; };
		28A39EBD2679698E00867AB9 /* DiceRollViewModel.swift in Sources */ = {isa = PBXBuildFile; fileRef = 28A39EBC2679698E00867AB9 /* DiceRollViewModel.swift */; };
		28A39EBF2679711200867AB9 /* ToggleButton.swift in Sources */ = {isa = PBXBuildFile; fileRef = 28A39EBE2679711200867AB9 /* ToggleButton.swift */; };
		28ADF7F3267A579200D97D2A /* Examples.swift in Sources */ = {isa = PBXBuildFile; fileRef = 28ADF7F2267A579200D97D2A /* Examples.swift */; };
		28BD80722676FBBC00FEE5F9 /* CharacterPDF.swift in Sources */ = {isa = PBXBuildFile; fileRef = 28BD80712676FBBC00FEE5F9 /* CharacterPDF.swift */; };
		28BD80742676FBC900FEE5F9 /* CharacterList.swift in Sources */ = {isa = PBXBuildFile; fileRef = 28BD80732676FBC900FEE5F9 /* CharacterList.swift */; };
		28BD80762676FD5600FEE5F9 /* StringProtocol+.swift in Sources */ = {isa = PBXBuildFile; fileRef = 28BD80752676FD5600FEE5F9 /* StringProtocol+.swift */; };
		28BD80782676FECD00FEE5F9 /* AddCharacterView.swift in Sources */ = {isa = PBXBuildFile; fileRef = 28BD80772676FECD00FEE5F9 /* AddCharacterView.swift */; };
		28C5D159267944A600E199DB /* BaseSavingKindredViewModel.swift in Sources */ = {isa = PBXBuildFile; fileRef = 28C5D158267944A600E199DB /* BaseSavingKindredViewModel.swift */; };
		28C656CC267BABBF00865EE3 /* DisciplineHeader.swift in Sources */ = {isa = PBXBuildFile; fileRef = 28C656CB267BABBF00865EE3 /* DisciplineHeader.swift */; };
		28C656CE267BADBC00865EE3 /* KnownDisciplinesGroups.swift in Sources */ = {isa = PBXBuildFile; fileRef = 28C656CD267BADBC00865EE3 /* KnownDisciplinesGroups.swift */; };
		28C656D0267BAEC400865EE3 /* KnownDisciplinesGroupsViewModel.swift in Sources */ = {isa = PBXBuildFile; fileRef = 28C656CF267BAEC400865EE3 /* KnownDisciplinesGroupsViewModel.swift */; };
		28C656D3267BBF9900865EE3 /* AddDisciplineSheet.swift in Sources */ = {isa = PBXBuildFile; fileRef = 28C656D2267BBF9900865EE3 /* AddDisciplineSheet.swift */; };
		28C656D5267BBFA300865EE3 /* AddDisciplineSheetViewModel.swift in Sources */ = {isa = PBXBuildFile; fileRef = 28C656D4267BBFA300865EE3 /* AddDisciplineSheetViewModel.swift */; };
		28C656D8267BC1AE00865EE3 /* Clan+.swift in Sources */ = {isa = PBXBuildFile; fileRef = 28C656D7267BC1AE00865EE3 /* Clan+.swift */; };
		28C656DC267BDD8400865EE3 /* PowerCard.swift in Sources */ = {isa = PBXBuildFile; fileRef = 28C656DB267BDD8400865EE3 /* PowerCard.swift */; };
		28C656E5267BEC4C00865EE3 /* DisciplineDetail.swift in Sources */ = {isa = PBXBuildFile; fileRef = 28C656E4267BEC4C00865EE3 /* DisciplineDetail.swift */; };
		28C656E7267BEC5B00865EE3 /* DisciplineDetailViewModel.swift in Sources */ = {isa = PBXBuildFile; fileRef = 28C656E6267BEC5B00865EE3 /* DisciplineDetailViewModel.swift */; };
		28CD0D47267E7DD500ED8635 /* ReferenceRow.swift in Sources */ = {isa = PBXBuildFile; fileRef = 28CD0D46267E7DD500ED8635 /* ReferenceRow.swift */; };
		28CD0D78267EA3CC00ED8635 /* RandomAccessCollection+.swift in Sources */ = {isa = PBXBuildFile; fileRef = 28CD0D77267EA3CC00ED8635 /* RandomAccessCollection+.swift */; };
		28DD0641267A706E00C9669F /* BasicInfoDetail.swift in Sources */ = {isa = PBXBuildFile; fileRef = 28DD0640267A706E00C9669F /* BasicInfoDetail.swift */; };
		28EBBE0526784902004DD186 /* Colors.xcassets in Resources */ = {isa = PBXBuildFile; fileRef = 28EBBE0426784902004DD186 /* Colors.xcassets */; };
		28EBBE0726784E90004DD186 /* CharacterRow.swift in Sources */ = {isa = PBXBuildFile; fileRef = 28EBBE0626784E90004DD186 /* CharacterRow.swift */; };
		28EBBE0B2678529B004DD186 /* TraitBlock.swift in Sources */ = {isa = PBXBuildFile; fileRef = 28EBBE0A2678529B004DD186 /* TraitBlock.swift */; };
		28EBBE0D267852CA004DD186 /* TraitBlockViewModel.swift in Sources */ = {isa = PBXBuildFile; fileRef = 28EBBE0C267852CA004DD186 /* TraitBlockViewModel.swift */; };
/* End PBXBuildFile section */

/* Begin PBXContainerItemProxy section */
		282EC8442656EEB90086B14F /* PBXContainerItemProxy */ = {
			isa = PBXContainerItemProxy;
			containerPortal = 282EC82A2656EEB80086B14F /* Project object */;
			proxyType = 1;
			remoteGlobalIDString = 282EC8312656EEB80086B14F;
			remoteInfo = Kindred;
		};
		282EC84F2656EEB90086B14F /* PBXContainerItemProxy */ = {
			isa = PBXContainerItemProxy;
			containerPortal = 282EC82A2656EEB80086B14F /* Project object */;
			proxyType = 1;
			remoteGlobalIDString = 282EC8312656EEB80086B14F;
			remoteInfo = Kindred;
		};
/* End PBXContainerItemProxy section */

/* Begin PBXFileReference section */
		2801217A26793F540069C496 /* RangePicker.swift */ = {isa = PBXFileReference; lastKnownFileType = sourcecode.swift; path = RangePicker.swift; sourceTree = "<group>"; };
		28138761267D579D006DA73C /* Clan Icons.xcassets */ = {isa = PBXFileReference; lastKnownFileType = folder.assetcatalog; path = "Clan Icons.xcassets"; sourceTree = "<group>"; };
		28138763267D57A4006DA73C /* Clan Headers.xcassets */ = {isa = PBXFileReference; lastKnownFileType = folder.assetcatalog; path = "Clan Headers.xcassets"; sourceTree = "<group>"; };
		28138771267D70CF006DA73C /* ClanDetail.swift */ = {isa = PBXFileReference; lastKnownFileType = sourcecode.swift; path = ClanDetail.swift; sourceTree = "<group>"; };
		28138773267D70D8006DA73C /* ClanDetailViewModel.swift */ = {isa = PBXFileReference; lastKnownFileType = sourcecode.swift; path = ClanDetailViewModel.swift; sourceTree = "<group>"; };
		28138775267D7BB7006DA73C /* ClanList.swift */ = {isa = PBXFileReference; lastKnownFileType = sourcecode.swift; path = ClanList.swift; sourceTree = "<group>"; };
		28138777267D7BC4006DA73C /* ClanListViewController.swift */ = {isa = PBXFileReference; lastKnownFileType = sourcecode.swift; path = ClanListViewController.swift; sourceTree = "<group>"; };
		28138779267D7BD0006DA73C /* OptionalKindredViewModel.swift */ = {isa = PBXFileReference; lastKnownFileType = sourcecode.swift; path = OptionalKindredViewModel.swift; sourceTree = "<group>"; };
		2813877B267D7DA2006DA73C /* ClanRow.swift */ = {isa = PBXFileReference; lastKnownFileType = sourcecode.swift; path = ClanRow.swift; sourceTree = "<group>"; };
		28189D632681449E0099E8DF /* AdvantageView.swift */ = {isa = PBXFileReference; lastKnownFileType = sourcecode.swift; path = AdvantageView.swift; sourceTree = "<group>"; };
		28189D65268145CF0099E8DF /* AdvantageViewModel.swift */ = {isa = PBXFileReference; lastKnownFileType = sourcecode.swift; path = AdvantageViewModel.swift; sourceTree = "<group>"; };
		28189D6726814A520099E8DF /* AdvantageOptionView.swift */ = {isa = PBXFileReference; lastKnownFileType = sourcecode.swift; path = AdvantageOptionView.swift; sourceTree = "<group>"; };
		28189D6926814C060099E8DF /* AdvantageOptionViewModel.swift */ = {isa = PBXFileReference; lastKnownFileType = sourcecode.swift; path = AdvantageOptionViewModel.swift; sourceTree = "<group>"; };
		281E21F8267D419200B49C37 /* CenteredModifier.swift */ = {isa = PBXFileReference; lastKnownFileType = sourcecode.swift; path = CenteredModifier.swift; sourceTree = "<group>"; };
		281F80372680FAC600B5B387 /* CharacterListViewModel.swift */ = {isa = PBXFileReference; lastKnownFileType = sourcecode.swift; path = CharacterListViewModel.swift; sourceTree = "<group>"; };
		281F80392681302300B5B387 /* AdvantageImporter.swift */ = {isa = PBXFileReference; lastKnownFileType = sourcecode.swift; path = AdvantageImporter.swift; sourceTree = "<group>"; };
		281F803B2681315700B5B387 /* AdvantageOptionImporter.swift */ = {isa = PBXFileReference; lastKnownFileType = sourcecode.swift; path = AdvantageOptionImporter.swift; sourceTree = "<group>"; };
		281F803D2681337700B5B387 /* Advantage+.swift */ = {isa = PBXFileReference; lastKnownFileType = sourcecode.swift; path = "Advantage+.swift"; sourceTree = "<group>"; };
		281F803F268133D200B5B387 /* AdvantageOption+.swift */ = {isa = PBXFileReference; lastKnownFileType = sourcecode.swift; path = "AdvantageOption+.swift"; sourceTree = "<group>"; };
		281F80422681388900B5B387 /* AdvantageList.swift */ = {isa = PBXFileReference; lastKnownFileType = sourcecode.swift; path = AdvantageList.swift; sourceTree = "<group>"; };
		281F8044268138A200B5B387 /* AdvantageListViewController.swift */ = {isa = PBXFileReference; lastKnownFileType = sourcecode.swift; path = AdvantageListViewController.swift; sourceTree = "<group>"; };
		28252068267916CD0066F09B /* TraitRater.swift */ = {isa = PBXFileReference; lastKnownFileType = sourcecode.swift; path = TraitRater.swift; sourceTree = "<group>"; };
		2825206A267918E30066F09B /* KeyPath+.swift */ = {isa = PBXFileReference; lastKnownFileType = sourcecode.swift; path = "KeyPath+.swift"; sourceTree = "<group>"; };
		2825206C26792A9D0066F09B /* TraitReference.plist */ = {isa = PBXFileReference; lastKnownFileType = text.plist.xml; path = TraitReference.plist; sourceTree = "<group>"; };
		282EC8322656EEB80086B14F /* Kindred.app */ = {isa = PBXFileReference; explicitFileType = wrapper.application; includeInIndex = 0; path = Kindred.app; sourceTree = BUILT_PRODUCTS_DIR; };
		282EC8352656EEB80086B14F /* KindredApp.swift */ = {isa = PBXFileReference; lastKnownFileType = sourcecode.swift; path = KindredApp.swift; sourceTree = "<group>"; };
		282EC8372656EEB80086B14F /* HomeView.swift */ = {isa = PBXFileReference; lastKnownFileType = sourcecode.swift; path = HomeView.swift; sourceTree = "<group>"; };
		282EC8392656EEB90086B14F /* Assets.xcassets */ = {isa = PBXFileReference; lastKnownFileType = folder.assetcatalog; path = Assets.xcassets; sourceTree = "<group>"; };
		282EC83C2656EEB90086B14F /* Preview Assets.xcassets */ = {isa = PBXFileReference; lastKnownFileType = folder.assetcatalog; path = "Preview Assets.xcassets"; sourceTree = "<group>"; };
		282EC83E2656EEB90086B14F /* Info.plist */ = {isa = PBXFileReference; lastKnownFileType = text.plist.xml; path = Info.plist; sourceTree = "<group>"; };
		282EC8432656EEB90086B14F /* KindredTests.xctest */ = {isa = PBXFileReference; explicitFileType = wrapper.cfbundle; includeInIndex = 0; path = KindredTests.xctest; sourceTree = BUILT_PRODUCTS_DIR; };
		282EC8472656EEB90086B14F /* KindredTests.swift */ = {isa = PBXFileReference; lastKnownFileType = sourcecode.swift; path = KindredTests.swift; sourceTree = "<group>"; };
		282EC8492656EEB90086B14F /* Info.plist */ = {isa = PBXFileReference; lastKnownFileType = text.plist.xml; path = Info.plist; sourceTree = "<group>"; };
		282EC84E2656EEB90086B14F /* KindredUITests.xctest */ = {isa = PBXFileReference; explicitFileType = wrapper.cfbundle; includeInIndex = 0; path = KindredUITests.xctest; sourceTree = BUILT_PRODUCTS_DIR; };
		282EC8522656EEB90086B14F /* KindredUITests.swift */ = {isa = PBXFileReference; lastKnownFileType = sourcecode.swift; path = KindredUITests.swift; sourceTree = "<group>"; };
		282EC8542656EEB90086B14F /* Info.plist */ = {isa = PBXFileReference; lastKnownFileType = text.plist.xml; path = Info.plist; sourceTree = "<group>"; };
		2833CAC5267A794E00160A96 /* BasicInfoDetailViewModel.swift */ = {isa = PBXFileReference; lastKnownFileType = sourcecode.swift; path = BasicInfoDetailViewModel.swift; sourceTree = "<group>"; };
		2833CAC7267A797D00160A96 /* BaseKindredViewModel.swift */ = {isa = PBXFileReference; lastKnownFileType = sourcecode.swift; path = BaseKindredViewModel.swift; sourceTree = "<group>"; };
		2833CAC9267A7F3300160A96 /* BoldTextField.swift */ = {isa = PBXFileReference; lastKnownFileType = sourcecode.swift; path = BoldTextField.swift; sourceTree = "<group>"; };
		2833CACF267A978900160A96 /* TextFieldAlert.swift */ = {isa = PBXFileReference; lastKnownFileType = sourcecode.swift; path = TextFieldAlert.swift; sourceTree = "<group>"; };
		28386F5826585D9C00E90445 /* Constants.swift */ = {isa = PBXFileReference; lastKnownFileType = sourcecode.swift; path = Constants.swift; sourceTree = "<group>"; };
		28386F5B2658619D00E90445 /* Discipline+.swift */ = {isa = PBXFileReference; lastKnownFileType = sourcecode.swift; path = "Discipline+.swift"; sourceTree = "<group>"; };
		28386F6226586E2E00E90445 /* Power+.swift */ = {isa = PBXFileReference; lastKnownFileType = sourcecode.swift; path = "Power+.swift"; sourceTree = "<group>"; };
		28386F642658727400E90445 /* PowerRow.swift */ = {isa = PBXFileReference; lastKnownFileType = sourcecode.swift; path = PowerRow.swift; sourceTree = "<group>"; };
		283DE7E72677DF8200876573 /* CharacterDetailViewModel.swift */ = {isa = PBXFileReference; lastKnownFileType = sourcecode.swift; path = CharacterDetailViewModel.swift; sourceTree = "<group>"; };
		283DE7E92677E1A200876573 /* ScrollingImageHeader.swift */ = {isa = PBXFileReference; lastKnownFileType = sourcecode.swift; path = ScrollingImageHeader.swift; sourceTree = "<group>"; };
		283DE7ED2677E8C800876573 /* KindredImage+.swift */ = {isa = PBXFileReference; lastKnownFileType = sourcecode.swift; path = "KindredImage+.swift"; sourceTree = "<group>"; };
		283DE7EF2677F3BB00876573 /* ScrollingImageHeaderViewModel.swift */ = {isa = PBXFileReference; lastKnownFileType = sourcecode.swift; path = ScrollingImageHeaderViewModel.swift; sourceTree = "<group>"; };
		28474425267832D200C1E3A5 /* DotView.swift */ = {isa = PBXFileReference; lastKnownFileType = sourcecode.swift; path = DotView.swift; sourceTree = "<group>"; };
		284B8582267D0FDD00F159DC /* UIViewController+.swift */ = {isa = PBXFileReference; lastKnownFileType = sourcecode.swift; path = "UIViewController+.swift"; sourceTree = "<group>"; };
		284CF5B82677CE6B007B298B /* ImagePicker.swift */ = {isa = PBXFileReference; lastKnownFileType = sourcecode.swift; path = ImagePicker.swift; sourceTree = "<group>"; };
		284CF5BE2677D401007B298B /* ImageTabs.swift */ = {isa = PBXFileReference; lastKnownFileType = sourcecode.swift; path = ImageTabs.swift; sourceTree = "<group>"; };
		2852D304267D2AAB009AF8D1 /* ButtonStyles.swift */ = {isa = PBXFileReference; lastKnownFileType = sourcecode.swift; path = ButtonStyles.swift; sourceTree = "<group>"; };
		2852D306267D3A6F009AF8D1 /* CreateCharacterView.swift */ = {isa = PBXFileReference; lastKnownFileType = sourcecode.swift; path = CreateCharacterView.swift; sourceTree = "<group>"; };
		2852D308267D3A7D009AF8D1 /* CreateCharacterViewController.swift */ = {isa = PBXFileReference; lastKnownFileType = sourcecode.swift; path = CreateCharacterViewController.swift; sourceTree = "<group>"; };
		28678D0F2658855F00289497 /* DisciplineIcons.xcassets */ = {isa = PBXFileReference; lastKnownFileType = folder.assetcatalog; path = DisciplineIcons.xcassets; sourceTree = "<group>"; };
		286FBF7C265D57C400AAA469 /* InfoItem+.swift */ = {isa = PBXFileReference; lastKnownFileType = sourcecode.swift; path = "InfoItem+.swift"; sourceTree = "<group>"; };
		286FBF7E265D580E00AAA469 /* ReferenceItem+.swift */ = {isa = PBXFileReference; lastKnownFileType = sourcecode.swift; path = "ReferenceItem+.swift"; sourceTree = "<group>"; };
		286FBF84265D930500AAA469 /* DisciplineRow.swift */ = {isa = PBXFileReference; lastKnownFileType = sourcecode.swift; path = DisciplineRow.swift; sourceTree = "<group>"; };
		286FBF86265D94B900AAA469 /* DisciplineList.swift */ = {isa = PBXFileReference; lastKnownFileType = sourcecode.swift; path = DisciplineList.swift; sourceTree = "<group>"; };
		286FBF89265D978400AAA469 /* ReferenceList.swift */ = {isa = PBXFileReference; lastKnownFileType = sourcecode.swift; path = ReferenceList.swift; sourceTree = "<group>"; };
		286FBF8B265D98BA00AAA469 /* IconFooter.swift */ = {isa = PBXFileReference; lastKnownFileType = sourcecode.swift; path = IconFooter.swift; sourceTree = "<group>"; };
		286FBF8F265D9EDF00AAA469 /* Color+.swift */ = {isa = PBXFileReference; lastKnownFileType = sourcecode.swift; path = "Color+.swift"; sourceTree = "<group>"; };
		2870436926823C71005F6589 /* PlainTextHeader.swift */ = {isa = PBXFileReference; lastKnownFileType = sourcecode.swift; path = PlainTextHeader.swift; sourceTree = "<group>"; };
		2870436D26824110005F6589 /* AdvantageContainer+.swift */ = {isa = PBXFileReference; lastKnownFileType = sourcecode.swift; path = "AdvantageContainer+.swift"; sourceTree = "<group>"; };
		2870436F26824847005F6589 /* CharacterAdvantages.swift */ = {isa = PBXFileReference; lastKnownFileType = sourcecode.swift; path = CharacterAdvantages.swift; sourceTree = "<group>"; };
		287043712682485A005F6589 /* CharacterAdvantagesViewModel.swift */ = {isa = PBXFileReference; lastKnownFileType = sourcecode.swift; path = CharacterAdvantagesViewModel.swift; sourceTree = "<group>"; };
		2877343E265703000098E27B /* KindredModel.xcdatamodel */ = {isa = PBXFileReference; lastKnownFileType = wrapper.xcdatamodel; path = KindredModel.xcdatamodel; sourceTree = "<group>"; };
		28773449265713360098E27B /* DataController.swift */ = {isa = PBXFileReference; lastKnownFileType = sourcecode.swift; path = DataController.swift; sourceTree = "<group>"; };
		287F87F82682575D00DF140E /* AdvantageRow.swift */ = {isa = PBXFileReference; lastKnownFileType = sourcecode.swift; path = AdvantageRow.swift; sourceTree = "<group>"; };
		287F87FA2682738800DF140E /* DotSelector.swift */ = {isa = PBXFileReference; lastKnownFileType = sourcecode.swift; path = DotSelector.swift; sourceTree = "<group>"; };
		287F87FC2682943400DF140E /* AdvantageOptionMarker.swift */ = {isa = PBXFileReference; lastKnownFileType = sourcecode.swift; path = AdvantageOptionMarker.swift; sourceTree = "<group>"; };
		287F87FF26829E5800DF140E /* CharacterNotesView.swift */ = {isa = PBXFileReference; lastKnownFileType = sourcecode.swift; path = CharacterNotesView.swift; sourceTree = "<group>"; };
		2892168A267E5C9A004911EA /* Importer.swift */ = {isa = PBXFileReference; lastKnownFileType = sourcecode.swift; path = Importer.swift; sourceTree = "<group>"; };
		2892168C267E5D4C004911EA /* ClanImporter.swift */ = {isa = PBXFileReference; lastKnownFileType = sourcecode.swift; path = ClanImporter.swift; sourceTree = "<group>"; };
		28921691267E64DE004911EA /* NSManagedObject+.swift */ = {isa = PBXFileReference; lastKnownFileType = sourcecode.swift; path = "NSManagedObject+.swift"; sourceTree = "<group>"; };
		28921695267E6BDB004911EA /* reference.sqlite */ = {isa = PBXFileReference; lastKnownFileType = file; path = reference.sqlite; sourceTree = "<group>"; };
		28921697267E6C40004911EA /* PowerImporter.swift */ = {isa = PBXFileReference; lastKnownFileType = sourcecode.swift; path = PowerImporter.swift; sourceTree = "<group>"; };
		28921699267E6F71004911EA /* DisciplineImporter.swift */ = {isa = PBXFileReference; lastKnownFileType = sourcecode.swift; path = DisciplineImporter.swift; sourceTree = "<group>"; };
		28A1E9E82677AA1A0084F483 /* Kindred+.swift */ = {isa = PBXFileReference; lastKnownFileType = sourcecode.swift; path = "Kindred+.swift"; sourceTree = "<group>"; };
		28A1E9EA2677ADFF0084F483 /* CharacterImporter.swift */ = {isa = PBXFileReference; lastKnownFileType = sourcecode.swift; path = CharacterImporter.swift; sourceTree = "<group>"; };
		28A1E9EC2677B62A0084F483 /* CharacterDetail.swift */ = {isa = PBXFileReference; lastKnownFileType = sourcecode.swift; path = CharacterDetail.swift; sourceTree = "<group>"; };
		28A1E9EE2677B6C40084F483 /* TraitSummary.swift */ = {isa = PBXFileReference; lastKnownFileType = sourcecode.swift; path = TraitSummary.swift; sourceTree = "<group>"; };
		28A1E9F02677B73B0084F483 /* BoldLabel.swift */ = {isa = PBXFileReference; lastKnownFileType = sourcecode.swift; path = BoldLabel.swift; sourceTree = "<group>"; };
		28A39EB22679614000867AB9 /* UIImage+.swift */ = {isa = PBXFileReference; lastKnownFileType = sourcecode.swift; path = "UIImage+.swift"; sourceTree = "<group>"; };
		28A39EB42679630B00867AB9 /* ButtonPad.swift */ = {isa = PBXFileReference; lastKnownFileType = sourcecode.swift; path = ButtonPad.swift; sourceTree = "<group>"; };
		28A39EBA2679698500867AB9 /* DiceRollView.swift */ = {isa = PBXFileReference; lastKnownFileType = sourcecode.swift; path = DiceRollView.swift; sourceTree = "<group>"; };
		28A39EBC2679698E00867AB9 /* DiceRollViewModel.swift */ = {isa = PBXFileReference; lastKnownFileType = sourcecode.swift; path = DiceRollViewModel.swift; sourceTree = "<group>"; };
		28A39EBE2679711200867AB9 /* ToggleButton.swift */ = {isa = PBXFileReference; lastKnownFileType = sourcecode.swift; path = ToggleButton.swift; sourceTree = "<group>"; };
		28ADF7F2267A579200D97D2A /* Examples.swift */ = {isa = PBXFileReference; lastKnownFileType = sourcecode.swift; path = Examples.swift; sourceTree = "<group>"; };
		28BD80712676FBBC00FEE5F9 /* CharacterPDF.swift */ = {isa = PBXFileReference; fileEncoding = 4; lastKnownFileType = sourcecode.swift; path = CharacterPDF.swift; sourceTree = "<group>"; };
		28BD80732676FBC900FEE5F9 /* CharacterList.swift */ = {isa = PBXFileReference; lastKnownFileType = sourcecode.swift; path = CharacterList.swift; sourceTree = "<group>"; };
		28BD80752676FD5600FEE5F9 /* StringProtocol+.swift */ = {isa = PBXFileReference; fileEncoding = 4; lastKnownFileType = sourcecode.swift; path = "StringProtocol+.swift"; sourceTree = "<group>"; };
		28BD80772676FECD00FEE5F9 /* AddCharacterView.swift */ = {isa = PBXFileReference; lastKnownFileType = sourcecode.swift; path = AddCharacterView.swift; sourceTree = "<group>"; };
		28C5D158267944A600E199DB /* BaseSavingKindredViewModel.swift */ = {isa = PBXFileReference; lastKnownFileType = sourcecode.swift; path = BaseSavingKindredViewModel.swift; sourceTree = "<group>"; };
		28C656CB267BABBF00865EE3 /* DisciplineHeader.swift */ = {isa = PBXFileReference; lastKnownFileType = sourcecode.swift; path = DisciplineHeader.swift; sourceTree = "<group>"; };
		28C656CD267BADBC00865EE3 /* KnownDisciplinesGroups.swift */ = {isa = PBXFileReference; lastKnownFileType = sourcecode.swift; path = KnownDisciplinesGroups.swift; sourceTree = "<group>"; };
		28C656CF267BAEC400865EE3 /* KnownDisciplinesGroupsViewModel.swift */ = {isa = PBXFileReference; lastKnownFileType = sourcecode.swift; path = KnownDisciplinesGroupsViewModel.swift; sourceTree = "<group>"; };
		28C656D2267BBF9900865EE3 /* AddDisciplineSheet.swift */ = {isa = PBXFileReference; lastKnownFileType = sourcecode.swift; path = AddDisciplineSheet.swift; sourceTree = "<group>"; };
		28C656D4267BBFA300865EE3 /* AddDisciplineSheetViewModel.swift */ = {isa = PBXFileReference; lastKnownFileType = sourcecode.swift; path = AddDisciplineSheetViewModel.swift; sourceTree = "<group>"; };
		28C656D7267BC1AE00865EE3 /* Clan+.swift */ = {isa = PBXFileReference; lastKnownFileType = sourcecode.swift; path = "Clan+.swift"; sourceTree = "<group>"; };
		28C656DB267BDD8400865EE3 /* PowerCard.swift */ = {isa = PBXFileReference; lastKnownFileType = sourcecode.swift; path = PowerCard.swift; sourceTree = "<group>"; };
		28C656E4267BEC4C00865EE3 /* DisciplineDetail.swift */ = {isa = PBXFileReference; lastKnownFileType = sourcecode.swift; path = DisciplineDetail.swift; sourceTree = "<group>"; };
		28C656E6267BEC5B00865EE3 /* DisciplineDetailViewModel.swift */ = {isa = PBXFileReference; lastKnownFileType = sourcecode.swift; path = DisciplineDetailViewModel.swift; sourceTree = "<group>"; };
		28CD0D46267E7DD500ED8635 /* ReferenceRow.swift */ = {isa = PBXFileReference; lastKnownFileType = sourcecode.swift; path = ReferenceRow.swift; sourceTree = "<group>"; };
		28CD0D77267EA3CC00ED8635 /* RandomAccessCollection+.swift */ = {isa = PBXFileReference; lastKnownFileType = sourcecode.swift; path = "RandomAccessCollection+.swift"; sourceTree = "<group>"; };
		28DD0640267A706E00C9669F /* BasicInfoDetail.swift */ = {isa = PBXFileReference; lastKnownFileType = sourcecode.swift; path = BasicInfoDetail.swift; sourceTree = "<group>"; };
		28EBBE0426784902004DD186 /* Colors.xcassets */ = {isa = PBXFileReference; lastKnownFileType = folder.assetcatalog; path = Colors.xcassets; sourceTree = "<group>"; };
		28EBBE0626784E90004DD186 /* CharacterRow.swift */ = {isa = PBXFileReference; lastKnownFileType = sourcecode.swift; path = CharacterRow.swift; sourceTree = "<group>"; };
		28EBBE0A2678529B004DD186 /* TraitBlock.swift */ = {isa = PBXFileReference; lastKnownFileType = sourcecode.swift; path = TraitBlock.swift; sourceTree = "<group>"; };
		28EBBE0C267852CA004DD186 /* TraitBlockViewModel.swift */ = {isa = PBXFileReference; lastKnownFileType = sourcecode.swift; path = TraitBlockViewModel.swift; sourceTree = "<group>"; };
/* End PBXFileReference section */

/* Begin PBXFrameworksBuildPhase section */
		282EC82F2656EEB80086B14F /* Frameworks */ = {
			isa = PBXFrameworksBuildPhase;
			buildActionMask = 2147483647;
			files = (
				287F880326829E7800DF140E /* TextView in Frameworks */,
				28921690267E5D88004911EA /* SQLite in Frameworks */,
			);
			runOnlyForDeploymentPostprocessing = 0;
		};
		282EC8402656EEB90086B14F /* Frameworks */ = {
			isa = PBXFrameworksBuildPhase;
			buildActionMask = 2147483647;
			files = (
			);
			runOnlyForDeploymentPostprocessing = 0;
		};
		282EC84B2656EEB90086B14F /* Frameworks */ = {
			isa = PBXFrameworksBuildPhase;
			buildActionMask = 2147483647;
			files = (
			);
			runOnlyForDeploymentPostprocessing = 0;
		};
/* End PBXFrameworksBuildPhase section */

/* Begin PBXGroup section */
		281F80412681387F00B5B387 /* Advantages */ = {
			isa = PBXGroup;
			children = (
				281F80422681388900B5B387 /* AdvantageList.swift */,
				287F87F82682575D00DF140E /* AdvantageRow.swift */,
				281F8044268138A200B5B387 /* AdvantageListViewController.swift */,
				28189D632681449E0099E8DF /* AdvantageView.swift */,
				28189D65268145CF0099E8DF /* AdvantageViewModel.swift */,
				28189D6726814A520099E8DF /* AdvantageOptionView.swift */,
				287F87FC2682943400DF140E /* AdvantageOptionMarker.swift */,
				28189D6926814C060099E8DF /* AdvantageOptionViewModel.swift */,
			);
			path = Advantages;
			sourceTree = "<group>";
		};
		282EC8292656EEB80086B14F = {
			isa = PBXGroup;
			children = (
				282EC8342656EEB80086B14F /* Kindred */,
				282EC8462656EEB90086B14F /* KindredTests */,
				282EC8512656EEB90086B14F /* KindredUITests */,
				282EC8332656EEB80086B14F /* Products */,
			);
			sourceTree = "<group>";
		};
		282EC8332656EEB80086B14F /* Products */ = {
			isa = PBXGroup;
			children = (
				282EC8322656EEB80086B14F /* Kindred.app */,
				282EC8432656EEB90086B14F /* KindredTests.xctest */,
				282EC84E2656EEB90086B14F /* KindredUITests.xctest */,
			);
			name = Products;
			sourceTree = "<group>";
		};
		282EC8342656EEB80086B14F /* Kindred */ = {
			isa = PBXGroup;
			children = (
				282EC8352656EEB80086B14F /* KindredApp.swift */,
				28386F5826585D9C00E90445 /* Constants.swift */,
				2877343D265703000098E27B /* KindredModel.xcdatamodeld */,
				28773449265713360098E27B /* DataController.swift */,
				282EC8372656EEB80086B14F /* HomeView.swift */,
				28ADF7F6267A5F4900D97D2A /* Tabs */,
				28ADF7F7267A60AD00D97D2A /* Extensions */,
				282EC8662656EFFF0086B14F /* Models */,
				28386F5F265868B800E90445 /* Generic Views */,
				28678D0F2658855F00289497 /* DisciplineIcons.xcassets */,
				28EBBE0426784902004DD186 /* Colors.xcassets */,
				28138761267D579D006DA73C /* Clan Icons.xcassets */,
				28138763267D57A4006DA73C /* Clan Headers.xcassets */,
				282EC8392656EEB90086B14F /* Assets.xcassets */,
				282EC83E2656EEB90086B14F /* Info.plist */,
				282EC83B2656EEB90086B14F /* Preview Content */,
			);
			path = Kindred;
			sourceTree = "<group>";
		};
		282EC83B2656EEB90086B14F /* Preview Content */ = {
			isa = PBXGroup;
			children = (
				28ADF7F2267A579200D97D2A /* Examples.swift */,
				282EC83C2656EEB90086B14F /* Preview Assets.xcassets */,
			);
			path = "Preview Content";
			sourceTree = "<group>";
		};
		282EC8462656EEB90086B14F /* KindredTests */ = {
			isa = PBXGroup;
			children = (
				282EC8472656EEB90086B14F /* KindredTests.swift */,
				282EC8492656EEB90086B14F /* Info.plist */,
			);
			path = KindredTests;
			sourceTree = "<group>";
		};
		282EC8512656EEB90086B14F /* KindredUITests */ = {
			isa = PBXGroup;
			children = (
				282EC8522656EEB90086B14F /* KindredUITests.swift */,
				282EC8542656EEB90086B14F /* Info.plist */,
			);
			path = KindredUITests;
			sourceTree = "<group>";
		};
		282EC8662656EFFF0086B14F /* Models */ = {
			isa = PBXGroup;
			children = (
				28A1E9EA2677ADFF0084F483 /* CharacterImporter.swift */,
				28BD80712676FBBC00FEE5F9 /* CharacterPDF.swift */,
				28921695267E6BDB004911EA /* reference.sqlite */,
				2825206C26792A9D0066F09B /* TraitReference.plist */,
				28921689267E5C8F004911EA /* Importers */,
				28386F5A2658618E00E90445 /* Core Data Extensions */,
			);
			path = Models;
			sourceTree = "<group>";
		};
		28386F5A2658618E00E90445 /* Core Data Extensions */ = {
			isa = PBXGroup;
			children = (
				281F803D2681337700B5B387 /* Advantage+.swift */,
				2870436D26824110005F6589 /* AdvantageContainer+.swift */,
				281F803F268133D200B5B387 /* AdvantageOption+.swift */,
				28C656D7267BC1AE00865EE3 /* Clan+.swift */,
				28386F5B2658619D00E90445 /* Discipline+.swift */,
				286FBF7C265D57C400AAA469 /* InfoItem+.swift */,
				28A1E9E82677AA1A0084F483 /* Kindred+.swift */,
				283DE7ED2677E8C800876573 /* KindredImage+.swift */,
				28921691267E64DE004911EA /* NSManagedObject+.swift */,
				28386F6226586E2E00E90445 /* Power+.swift */,
				286FBF7E265D580E00AAA469 /* ReferenceItem+.swift */,
			);
			path = "Core Data Extensions";
			sourceTree = "<group>";
		};
		28386F5F265868B800E90445 /* Generic Views */ = {
			isa = PBXGroup;
			children = (
				28A1E9F02677B73B0084F483 /* BoldLabel.swift */,
				2833CAC9267A7F3300160A96 /* BoldTextField.swift */,
				28A39EB42679630B00867AB9 /* ButtonPad.swift */,
				2852D304267D2AAB009AF8D1 /* ButtonStyles.swift */,
				281E21F8267D419200B49C37 /* CenteredModifier.swift */,
				28252068267916CD0066F09B /* TraitRater.swift */,
				287F87FA2682738800DF140E /* DotSelector.swift */,
				28474425267832D200C1E3A5 /* DotView.swift */,
				286FBF8B265D98BA00AAA469 /* IconFooter.swift */,
				284CF5B82677CE6B007B298B /* ImagePicker.swift */,
				284CF5BE2677D401007B298B /* ImageTabs.swift */,
				2870436926823C71005F6589 /* PlainTextHeader.swift */,
				2801217A26793F540069C496 /* RangePicker.swift */,
				28CD0D46267E7DD500ED8635 /* ReferenceRow.swift */,
				2833CACF267A978900160A96 /* TextFieldAlert.swift */,
				28A39EBE2679711200867AB9 /* ToggleButton.swift */,
			);
			path = "Generic Views";
			sourceTree = "<group>";
		};
		286FBF88265D976400AAA469 /* Disciplines */ = {
			isa = PBXGroup;
			children = (
				286FBF86265D94B900AAA469 /* DisciplineList.swift */,
				286FBF84265D930500AAA469 /* DisciplineRow.swift */,
				28C656E4267BEC4C00865EE3 /* DisciplineDetail.swift */,
				28C656E6267BEC5B00865EE3 /* DisciplineDetailViewModel.swift */,
				28E13FB6265C917B003E3DDF /* Powers */,
			);
			path = Disciplines;
			sourceTree = "<group>";
		};
		287F87F72682553200DF140E /* Advantages */ = {
			isa = PBXGroup;
			children = (
				2870436F26824847005F6589 /* CharacterAdvantages.swift */,
				287043712682485A005F6589 /* CharacterAdvantagesViewModel.swift */,
			);
			path = Advantages;
			sourceTree = "<group>";
		};
		287F87FE26829DED00DF140E /* Basic Traits */ = {
			isa = PBXGroup;
			children = (
				28A1E9EE2677B6C40084F483 /* TraitSummary.swift */,
				28EBBE0A2678529B004DD186 /* TraitBlock.swift */,
				28EBBE0C267852CA004DD186 /* TraitBlockViewModel.swift */,
			);
			path = "Basic Traits";
			sourceTree = "<group>";
		};
		28921689267E5C8F004911EA /* Importers */ = {
			isa = PBXGroup;
			children = (
				2892168A267E5C9A004911EA /* Importer.swift */,
				281F80392681302300B5B387 /* AdvantageImporter.swift */,
				281F803B2681315700B5B387 /* AdvantageOptionImporter.swift */,
				2892168C267E5D4C004911EA /* ClanImporter.swift */,
				28921699267E6F71004911EA /* DisciplineImporter.swift */,
				28921697267E6C40004911EA /* PowerImporter.swift */,
			);
			path = Importers;
			sourceTree = "<group>";
		};
		28ADF7F4267A5DC500D97D2A /* Characters */ = {
			isa = PBXGroup;
			children = (
				28BD80732676FBC900FEE5F9 /* CharacterList.swift */,
				281F80372680FAC600B5B387 /* CharacterListViewModel.swift */,
				28EBBE0626784E90004DD186 /* CharacterRow.swift */,
				28BD80772676FECD00FEE5F9 /* AddCharacterView.swift */,
				2852D306267D3A6F009AF8D1 /* CreateCharacterView.swift */,
				2852D308267D3A7D009AF8D1 /* CreateCharacterViewController.swift */,
				28C656D1267BBCF100865EE3 /* Individual Character */,
			);
			path = Characters;
			sourceTree = "<group>";
		};
		28ADF7F5267A5DCE00D97D2A /* Reference */ = {
			isa = PBXGroup;
			children = (
				286FBF89265D978400AAA469 /* ReferenceList.swift */,
				281F80412681387F00B5B387 /* Advantages */,
				28CD0D45267E7BD800ED8635 /* Clans */,
				286FBF88265D976400AAA469 /* Disciplines */,
			);
			path = Reference;
			sourceTree = "<group>";
		};
		28ADF7F6267A5F4900D97D2A /* Tabs */ = {
			isa = PBXGroup;
			children = (
				2833CAC7267A797D00160A96 /* BaseKindredViewModel.swift */,
				28C5D158267944A600E199DB /* BaseSavingKindredViewModel.swift */,
				28138779267D7BD0006DA73C /* OptionalKindredViewModel.swift */,
				28ADF7F4267A5DC500D97D2A /* Characters */,
				28ADF7F5267A5DCE00D97D2A /* Reference */,
			);
			path = Tabs;
			sourceTree = "<group>";
		};
		28ADF7F7267A60AD00D97D2A /* Extensions */ = {
			isa = PBXGroup;
			children = (
				2825206A267918E30066F09B /* KeyPath+.swift */,
				286FBF8F265D9EDF00AAA469 /* Color+.swift */,
				28CD0D77267EA3CC00ED8635 /* RandomAccessCollection+.swift */,
				28BD80752676FD5600FEE5F9 /* StringProtocol+.swift */,
				28A39EB22679614000867AB9 /* UIImage+.swift */,
				284B8582267D0FDD00F159DC /* UIViewController+.swift */,
			);
			path = Extensions;
			sourceTree = "<group>";
		};
		28C656D1267BBCF100865EE3 /* Individual Character */ = {
			isa = PBXGroup;
			children = (
				28A1E9EC2677B62A0084F483 /* CharacterDetail.swift */,
				283DE7E72677DF8200876573 /* CharacterDetailViewModel.swift */,
				287F87FF26829E5800DF140E /* CharacterNotesView.swift */,
				28A39EBA2679698500867AB9 /* DiceRollView.swift */,
				28A39EBC2679698E00867AB9 /* DiceRollViewModel.swift */,
				28DD0640267A706E00C9669F /* BasicInfoDetail.swift */,
				2833CAC5267A794E00160A96 /* BasicInfoDetailViewModel.swift */,
				283DE7E92677E1A200876573 /* ScrollingImageHeader.swift */,
				283DE7EF2677F3BB00876573 /* ScrollingImageHeaderViewModel.swift */,
				28C656D6267BC13200865EE3 /* Disciplines */,
				287F87FE26829DED00DF140E /* Basic Traits */,
				287F87F72682553200DF140E /* Advantages */,
			);
			path = "Individual Character";
			sourceTree = "<group>";
		};
		28C656D6267BC13200865EE3 /* Disciplines */ = {
			isa = PBXGroup;
			children = (
				28C656CB267BABBF00865EE3 /* DisciplineHeader.swift */,
				28C656CD267BADBC00865EE3 /* KnownDisciplinesGroups.swift */,
				28C656CF267BAEC400865EE3 /* KnownDisciplinesGroupsViewModel.swift */,
				28C656D2267BBF9900865EE3 /* AddDisciplineSheet.swift */,
				28C656D4267BBFA300865EE3 /* AddDisciplineSheetViewModel.swift */,
			);
			path = Disciplines;
			sourceTree = "<group>";
		};
		28CD0D45267E7BD800ED8635 /* Clans */ = {
			isa = PBXGroup;
			children = (
				28138777267D7BC4006DA73C /* ClanListViewController.swift */,
				28138773267D70D8006DA73C /* ClanDetailViewModel.swift */,
				28138775267D7BB7006DA73C /* ClanList.swift */,
				2813877B267D7DA2006DA73C /* ClanRow.swift */,
				28138771267D70CF006DA73C /* ClanDetail.swift */,
			);
			path = Clans;
			sourceTree = "<group>";
		};
		28E13FB6265C917B003E3DDF /* Powers */ = {
			isa = PBXGroup;
			children = (
				28386F642658727400E90445 /* PowerRow.swift */,
				28C656DB267BDD8400865EE3 /* PowerCard.swift */,
			);
			path = Powers;
			sourceTree = "<group>";
		};
/* End PBXGroup section */

/* Begin PBXNativeTarget section */
		282EC8312656EEB80086B14F /* Kindred */ = {
			isa = PBXNativeTarget;
			buildConfigurationList = 282EC8572656EEB90086B14F /* Build configuration list for PBXNativeTarget "Kindred" */;
			buildPhases = (
				282EC82E2656EEB80086B14F /* Sources */,
				282EC82F2656EEB80086B14F /* Frameworks */,
				282EC8302656EEB80086B14F /* Resources */,
			);
			buildRules = (
			);
			dependencies = (
			);
			name = Kindred;
			packageProductDependencies = (
				2892168F267E5D88004911EA /* SQLite */,
				287F880226829E7800DF140E /* TextView */,
			);
			productName = Kindred;
			productReference = 282EC8322656EEB80086B14F /* Kindred.app */;
			productType = "com.apple.product-type.application";
		};
		282EC8422656EEB90086B14F /* KindredTests */ = {
			isa = PBXNativeTarget;
			buildConfigurationList = 282EC85A2656EEB90086B14F /* Build configuration list for PBXNativeTarget "KindredTests" */;
			buildPhases = (
				282EC83F2656EEB90086B14F /* Sources */,
				282EC8402656EEB90086B14F /* Frameworks */,
				282EC8412656EEB90086B14F /* Resources */,
			);
			buildRules = (
			);
			dependencies = (
				282EC8452656EEB90086B14F /* PBXTargetDependency */,
			);
			name = KindredTests;
			productName = KindredTests;
			productReference = 282EC8432656EEB90086B14F /* KindredTests.xctest */;
			productType = "com.apple.product-type.bundle.unit-test";
		};
		282EC84D2656EEB90086B14F /* KindredUITests */ = {
			isa = PBXNativeTarget;
			buildConfigurationList = 282EC85D2656EEB90086B14F /* Build configuration list for PBXNativeTarget "KindredUITests" */;
			buildPhases = (
				282EC84A2656EEB90086B14F /* Sources */,
				282EC84B2656EEB90086B14F /* Frameworks */,
				282EC84C2656EEB90086B14F /* Resources */,
			);
			buildRules = (
			);
			dependencies = (
				282EC8502656EEB90086B14F /* PBXTargetDependency */,
			);
			name = KindredUITests;
			productName = KindredUITests;
			productReference = 282EC84E2656EEB90086B14F /* KindredUITests.xctest */;
			productType = "com.apple.product-type.bundle.ui-testing";
		};
/* End PBXNativeTarget section */

/* Begin PBXProject section */
		282EC82A2656EEB80086B14F /* Project object */ = {
			isa = PBXProject;
			attributes = {
				LastSwiftUpdateCheck = 1250;
				LastUpgradeCheck = 1250;
				TargetAttributes = {
					282EC8312656EEB80086B14F = {
						CreatedOnToolsVersion = 12.5;
					};
					282EC8422656EEB90086B14F = {
						CreatedOnToolsVersion = 12.5;
						TestTargetID = 282EC8312656EEB80086B14F;
					};
					282EC84D2656EEB90086B14F = {
						CreatedOnToolsVersion = 12.5;
						TestTargetID = 282EC8312656EEB80086B14F;
					};
				};
			};
			buildConfigurationList = 282EC82D2656EEB80086B14F /* Build configuration list for PBXProject "Kindred" */;
			compatibilityVersion = "Xcode 9.3";
			developmentRegion = en;
			hasScannedForEncodings = 0;
			knownRegions = (
				en,
				Base,
			);
			mainGroup = 282EC8292656EEB80086B14F;
			packageReferences = (
				2892168E267E5D88004911EA /* XCRemoteSwiftPackageReference "SQLite.swift" */,
				287F880126829E7800DF140E /* XCRemoteSwiftPackageReference "TextView" */,
			);
			productRefGroup = 282EC8332656EEB80086B14F /* Products */;
			projectDirPath = "";
			projectRoot = "";
			targets = (
				282EC8312656EEB80086B14F /* Kindred */,
				282EC8422656EEB90086B14F /* KindredTests */,
				282EC84D2656EEB90086B14F /* KindredUITests */,
			);
		};
/* End PBXProject section */

/* Begin PBXResourcesBuildPhase section */
		282EC8302656EEB80086B14F /* Resources */ = {
			isa = PBXResourcesBuildPhase;
			buildActionMask = 2147483647;
			files = (
				28EBBE0526784902004DD186 /* Colors.xcassets in Resources */,
				28138762267D579D006DA73C /* Clan Icons.xcassets in Resources */,
				28921696267E6BDB004911EA /* reference.sqlite in Resources */,
				28678D102658855F00289497 /* DisciplineIcons.xcassets in Resources */,
				282EC83D2656EEB90086B14F /* Preview Assets.xcassets in Resources */,
				28138764267D57A4006DA73C /* Clan Headers.xcassets in Resources */,
				282EC83A2656EEB90086B14F /* Assets.xcassets in Resources */,
				2825206D26792A9D0066F09B /* TraitReference.plist in Resources */,
			);
			runOnlyForDeploymentPostprocessing = 0;
		};
		282EC8412656EEB90086B14F /* Resources */ = {
			isa = PBXResourcesBuildPhase;
			buildActionMask = 2147483647;
			files = (
			);
			runOnlyForDeploymentPostprocessing = 0;
		};
		282EC84C2656EEB90086B14F /* Resources */ = {
			isa = PBXResourcesBuildPhase;
			buildActionMask = 2147483647;
			files = (
			);
			runOnlyForDeploymentPostprocessing = 0;
		};
/* End PBXResourcesBuildPhase section */

/* Begin PBXSourcesBuildPhase section */
		282EC82E2656EEB80086B14F /* Sources */ = {
			isa = PBXSourcesBuildPhase;
			buildActionMask = 2147483647;
			files = (
				284CF5BF2677D401007B298B /* ImageTabs.swift in Sources */,
				287F880026829E5800DF140E /* CharacterNotesView.swift in Sources */,
				281F803E2681337700B5B387 /* Advantage+.swift in Sources */,
				28BD80782676FECD00FEE5F9 /* AddCharacterView.swift in Sources */,
				2877344A265713360098E27B /* DataController.swift in Sources */,
				28189D642681449E0099E8DF /* AdvantageView.swift in Sources */,
				28A1E9EB2677ADFF0084F483 /* CharacterImporter.swift in Sources */,
				28BD80762676FD5600FEE5F9 /* StringProtocol+.swift in Sources */,
				286FBF85265D930500AAA469 /* DisciplineRow.swift in Sources */,
				28DD0641267A706E00C9669F /* BasicInfoDetail.swift in Sources */,
				284B8583267D0FDD00F159DC /* UIViewController+.swift in Sources */,
				28138774267D70D8006DA73C /* ClanDetailViewModel.swift in Sources */,
				28386F652658727400E90445 /* PowerRow.swift in Sources */,
				28C5D159267944A600E199DB /* BaseSavingKindredViewModel.swift in Sources */,
				28CD0D47267E7DD500ED8635 /* ReferenceRow.swift in Sources */,
				28C656E7267BEC5B00865EE3 /* DisciplineDetailViewModel.swift in Sources */,
				2870437026824847005F6589 /* CharacterAdvantages.swift in Sources */,
				28921698267E6C40004911EA /* PowerImporter.swift in Sources */,
				2892168D267E5D4C004911EA /* ClanImporter.swift in Sources */,
				28A39EBD2679698E00867AB9 /* DiceRollViewModel.swift in Sources */,
				28C656CC267BABBF00865EE3 /* DisciplineHeader.swift in Sources */,
				2852D309267D3A7D009AF8D1 /* CreateCharacterViewController.swift in Sources */,
				28CD0D78267EA3CC00ED8635 /* RandomAccessCollection+.swift in Sources */,
				28C656CE267BADBC00865EE3 /* KnownDisciplinesGroups.swift in Sources */,
				28921692267E64DE004911EA /* NSManagedObject+.swift in Sources */,
				2833CAD0267A978900160A96 /* TextFieldAlert.swift in Sources */,
				28C656D8267BC1AE00865EE3 /* Clan+.swift in Sources */,
				2825206B267918E30066F09B /* KeyPath+.swift in Sources */,
				281F80432681388900B5B387 /* AdvantageList.swift in Sources */,
				282EC8382656EEB80086B14F /* HomeView.swift in Sources */,
				28EBBE0726784E90004DD186 /* CharacterRow.swift in Sources */,
				2813877A267D7BD0006DA73C /* OptionalKindredViewModel.swift in Sources */,
				281F8040268133D200B5B387 /* AdvantageOption+.swift in Sources */,
				28386F5C2658619D00E90445 /* Discipline+.swift in Sources */,
				28252069267916CD0066F09B /* TraitRater.swift in Sources */,
				287F87FB2682738800DF140E /* DotSelector.swift in Sources */,
				28A39EBF2679711200867AB9 /* ToggleButton.swift in Sources */,
				28BD80722676FBBC00FEE5F9 /* CharacterPDF.swift in Sources */,
				286FBF8A265D978400AAA469 /* ReferenceList.swift in Sources */,
				28C656E5267BEC4C00865EE3 /* DisciplineDetail.swift in Sources */,
				283DE7EA2677E1A200876573 /* ScrollingImageHeader.swift in Sources */,
				28A1E9F12677B73B0084F483 /* BoldLabel.swift in Sources */,
				28189D6826814A520099E8DF /* AdvantageOptionView.swift in Sources */,
				2801217B26793F540069C496 /* RangePicker.swift in Sources */,
				28A1E9EF2677B6C40084F483 /* TraitSummary.swift in Sources */,
				281F803A2681302300B5B387 /* AdvantageImporter.swift in Sources */,
				28A1E9E92677AA1A0084F483 /* Kindred+.swift in Sources */,
				284CF5B92677CE6B007B298B /* ImagePicker.swift in Sources */,
				28EBBE0B2678529B004DD186 /* TraitBlock.swift in Sources */,
				2892168B267E5C9A004911EA /* Importer.swift in Sources */,
				287F87F92682575D00DF140E /* AdvantageRow.swift in Sources */,
				28BD80742676FBC900FEE5F9 /* CharacterList.swift in Sources */,
				2870436E26824110005F6589 /* AdvantageContainer+.swift in Sources */,
				28EBBE0D267852CA004DD186 /* TraitBlockViewModel.swift in Sources */,
				28C656D3267BBF9900865EE3 /* AddDisciplineSheet.swift in Sources */,
				28A39EB52679630B00867AB9 /* ButtonPad.swift in Sources */,
				281F80382680FAC600B5B387 /* CharacterListViewModel.swift in Sources */,
				28189D66268145CF0099E8DF /* AdvantageViewModel.swift in Sources */,
				286FBF8C265D98BA00AAA469 /* IconFooter.swift in Sources */,
				2833CAC6267A794E00160A96 /* BasicInfoDetailViewModel.swift in Sources */,
				287043722682485A005F6589 /* CharacterAdvantagesViewModel.swift in Sources */,
				2833CAC8267A797D00160A96 /* BaseKindredViewModel.swift in Sources */,
				28C656D0267BAEC400865EE3 /* KnownDisciplinesGroupsViewModel.swift in Sources */,
				28A39EB32679614000867AB9 /* UIImage+.swift in Sources */,
				2870436A26823C71005F6589 /* PlainTextHeader.swift in Sources */,
				28386F5926585D9C00E90445 /* Constants.swift in Sources */,
				2852D305267D2AAB009AF8D1 /* ButtonStyles.swift in Sources */,
				2892169A267E6F71004911EA /* DisciplineImporter.swift in Sources */,
				28C656D5267BBFA300865EE3 /* AddDisciplineSheetViewModel.swift in Sources */,
				286FBF90265D9EDF00AAA469 /* Color+.swift in Sources */,
				2852D307267D3A6F009AF8D1 /* CreateCharacterView.swift in Sources */,
				286FBF7D265D57C400AAA469 /* InfoItem+.swift in Sources */,
				28C656DC267BDD8400865EE3 /* PowerCard.swift in Sources */,
				28138772267D70CF006DA73C /* ClanDetail.swift in Sources */,
				28A1E9ED2677B62A0084F483 /* CharacterDetail.swift in Sources */,
				283DE7EE2677E8C800876573 /* KindredImage+.swift in Sources */,
				283DE7F02677F3BB00876573 /* ScrollingImageHeaderViewModel.swift in Sources */,
				28A39EBB2679698500867AB9 /* DiceRollView.swift in Sources */,
				281F803C2681315700B5B387 /* AdvantageOptionImporter.swift in Sources */,
				2833CACA267A7F3300160A96 /* BoldTextField.swift in Sources */,
				28ADF7F3267A579200D97D2A /* Examples.swift in Sources */,
				283DE7E82677DF8200876573 /* CharacterDetailViewModel.swift in Sources */,
				28474426267832D200C1E3A5 /* DotView.swift in Sources */,
				2813877C267D7DA2006DA73C /* ClanRow.swift in Sources */,
				281E21F9267D419200B49C37 /* CenteredModifier.swift in Sources */,
				281F8045268138A200B5B387 /* AdvantageListViewController.swift in Sources */,
				28386F6326586E2E00E90445 /* Power+.swift in Sources */,
				28138778267D7BC4006DA73C /* ClanListViewController.swift in Sources */,
				282EC8362656EEB80086B14F /* KindredApp.swift in Sources */,
				286FBF7F265D580E00AAA469 /* ReferenceItem+.swift in Sources */,
				28138776267D7BB7006DA73C /* ClanList.swift in Sources */,
				28189D6A26814C060099E8DF /* AdvantageOptionViewModel.swift in Sources */,
				2877343F265703000098E27B /* KindredModel.xcdatamodeld in Sources */,
				287F87FD2682943400DF140E /* AdvantageOptionMarker.swift in Sources */,
				286FBF87265D94B900AAA469 /* DisciplineList.swift in Sources */,
			);
			runOnlyForDeploymentPostprocessing = 0;
		};
		282EC83F2656EEB90086B14F /* Sources */ = {
			isa = PBXSourcesBuildPhase;
			buildActionMask = 2147483647;
			files = (
				282EC8482656EEB90086B14F /* KindredTests.swift in Sources */,
			);
			runOnlyForDeploymentPostprocessing = 0;
		};
		282EC84A2656EEB90086B14F /* Sources */ = {
			isa = PBXSourcesBuildPhase;
			buildActionMask = 2147483647;
			files = (
				282EC8532656EEB90086B14F /* KindredUITests.swift in Sources */,
			);
			runOnlyForDeploymentPostprocessing = 0;
		};
/* End PBXSourcesBuildPhase section */

/* Begin PBXTargetDependency section */
		282EC8452656EEB90086B14F /* PBXTargetDependency */ = {
			isa = PBXTargetDependency;
			target = 282EC8312656EEB80086B14F /* Kindred */;
			targetProxy = 282EC8442656EEB90086B14F /* PBXContainerItemProxy */;
		};
		282EC8502656EEB90086B14F /* PBXTargetDependency */ = {
			isa = PBXTargetDependency;
			target = 282EC8312656EEB80086B14F /* Kindred */;
			targetProxy = 282EC84F2656EEB90086B14F /* PBXContainerItemProxy */;
		};
/* End PBXTargetDependency section */

/* Begin XCBuildConfiguration section */
		282EC8552656EEB90086B14F /* Debug */ = {
			isa = XCBuildConfiguration;
			buildSettings = {
				ALWAYS_SEARCH_USER_PATHS = NO;
				CLANG_ANALYZER_NONNULL = YES;
				CLANG_ANALYZER_NUMBER_OBJECT_CONVERSION = YES_AGGRESSIVE;
				CLANG_CXX_LANGUAGE_STANDARD = "gnu++14";
				CLANG_CXX_LIBRARY = "libc++";
				CLANG_ENABLE_MODULES = YES;
				CLANG_ENABLE_OBJC_ARC = YES;
				CLANG_ENABLE_OBJC_WEAK = YES;
				CLANG_WARN_BLOCK_CAPTURE_AUTORELEASING = YES;
				CLANG_WARN_BOOL_CONVERSION = YES;
				CLANG_WARN_COMMA = YES;
				CLANG_WARN_CONSTANT_CONVERSION = YES;
				CLANG_WARN_DEPRECATED_OBJC_IMPLEMENTATIONS = YES;
				CLANG_WARN_DIRECT_OBJC_ISA_USAGE = YES_ERROR;
				CLANG_WARN_DOCUMENTATION_COMMENTS = YES;
				CLANG_WARN_EMPTY_BODY = YES;
				CLANG_WARN_ENUM_CONVERSION = YES;
				CLANG_WARN_INFINITE_RECURSION = YES;
				CLANG_WARN_INT_CONVERSION = YES;
				CLANG_WARN_NON_LITERAL_NULL_CONVERSION = YES;
				CLANG_WARN_OBJC_IMPLICIT_RETAIN_SELF = YES;
				CLANG_WARN_OBJC_LITERAL_CONVERSION = YES;
				CLANG_WARN_OBJC_ROOT_CLASS = YES_ERROR;
				CLANG_WARN_QUOTED_INCLUDE_IN_FRAMEWORK_HEADER = YES;
				CLANG_WARN_RANGE_LOOP_ANALYSIS = YES;
				CLANG_WARN_STRICT_PROTOTYPES = YES;
				CLANG_WARN_SUSPICIOUS_MOVE = YES;
				CLANG_WARN_UNGUARDED_AVAILABILITY = YES_AGGRESSIVE;
				CLANG_WARN_UNREACHABLE_CODE = YES;
				CLANG_WARN__DUPLICATE_METHOD_MATCH = YES;
				COPY_PHASE_STRIP = NO;
				DEBUG_INFORMATION_FORMAT = dwarf;
				ENABLE_STRICT_OBJC_MSGSEND = YES;
				ENABLE_TESTABILITY = YES;
				GCC_C_LANGUAGE_STANDARD = gnu11;
				GCC_DYNAMIC_NO_PIC = NO;
				GCC_NO_COMMON_BLOCKS = YES;
				GCC_OPTIMIZATION_LEVEL = 0;
				GCC_PREPROCESSOR_DEFINITIONS = (
					"DEBUG=1",
					"$(inherited)",
				);
				GCC_WARN_64_TO_32_BIT_CONVERSION = YES;
				GCC_WARN_ABOUT_RETURN_TYPE = YES_ERROR;
				GCC_WARN_UNDECLARED_SELECTOR = YES;
				GCC_WARN_UNINITIALIZED_AUTOS = YES_AGGRESSIVE;
				GCC_WARN_UNUSED_FUNCTION = YES;
				GCC_WARN_UNUSED_VARIABLE = YES;
				IPHONEOS_DEPLOYMENT_TARGET = 14.5;
				MTL_ENABLE_DEBUG_INFO = INCLUDE_SOURCE;
				MTL_FAST_MATH = YES;
				ONLY_ACTIVE_ARCH = YES;
				SDKROOT = iphoneos;
				SWIFT_ACTIVE_COMPILATION_CONDITIONS = DEBUG;
				SWIFT_OPTIMIZATION_LEVEL = "-Onone";
			};
			name = Debug;
		};
		282EC8562656EEB90086B14F /* Release */ = {
			isa = XCBuildConfiguration;
			buildSettings = {
				ALWAYS_SEARCH_USER_PATHS = NO;
				CLANG_ANALYZER_NONNULL = YES;
				CLANG_ANALYZER_NUMBER_OBJECT_CONVERSION = YES_AGGRESSIVE;
				CLANG_CXX_LANGUAGE_STANDARD = "gnu++14";
				CLANG_CXX_LIBRARY = "libc++";
				CLANG_ENABLE_MODULES = YES;
				CLANG_ENABLE_OBJC_ARC = YES;
				CLANG_ENABLE_OBJC_WEAK = YES;
				CLANG_WARN_BLOCK_CAPTURE_AUTORELEASING = YES;
				CLANG_WARN_BOOL_CONVERSION = YES;
				CLANG_WARN_COMMA = YES;
				CLANG_WARN_CONSTANT_CONVERSION = YES;
				CLANG_WARN_DEPRECATED_OBJC_IMPLEMENTATIONS = YES;
				CLANG_WARN_DIRECT_OBJC_ISA_USAGE = YES_ERROR;
				CLANG_WARN_DOCUMENTATION_COMMENTS = YES;
				CLANG_WARN_EMPTY_BODY = YES;
				CLANG_WARN_ENUM_CONVERSION = YES;
				CLANG_WARN_INFINITE_RECURSION = YES;
				CLANG_WARN_INT_CONVERSION = YES;
				CLANG_WARN_NON_LITERAL_NULL_CONVERSION = YES;
				CLANG_WARN_OBJC_IMPLICIT_RETAIN_SELF = YES;
				CLANG_WARN_OBJC_LITERAL_CONVERSION = YES;
				CLANG_WARN_OBJC_ROOT_CLASS = YES_ERROR;
				CLANG_WARN_QUOTED_INCLUDE_IN_FRAMEWORK_HEADER = YES;
				CLANG_WARN_RANGE_LOOP_ANALYSIS = YES;
				CLANG_WARN_STRICT_PROTOTYPES = YES;
				CLANG_WARN_SUSPICIOUS_MOVE = YES;
				CLANG_WARN_UNGUARDED_AVAILABILITY = YES_AGGRESSIVE;
				CLANG_WARN_UNREACHABLE_CODE = YES;
				CLANG_WARN__DUPLICATE_METHOD_MATCH = YES;
				COPY_PHASE_STRIP = NO;
				DEBUG_INFORMATION_FORMAT = "dwarf-with-dsym";
				ENABLE_NS_ASSERTIONS = NO;
				ENABLE_STRICT_OBJC_MSGSEND = YES;
				GCC_C_LANGUAGE_STANDARD = gnu11;
				GCC_NO_COMMON_BLOCKS = YES;
				GCC_WARN_64_TO_32_BIT_CONVERSION = YES;
				GCC_WARN_ABOUT_RETURN_TYPE = YES_ERROR;
				GCC_WARN_UNDECLARED_SELECTOR = YES;
				GCC_WARN_UNINITIALIZED_AUTOS = YES_AGGRESSIVE;
				GCC_WARN_UNUSED_FUNCTION = YES;
				GCC_WARN_UNUSED_VARIABLE = YES;
				IPHONEOS_DEPLOYMENT_TARGET = 14.5;
				MTL_ENABLE_DEBUG_INFO = NO;
				MTL_FAST_MATH = YES;
				SDKROOT = iphoneos;
				SWIFT_COMPILATION_MODE = wholemodule;
				SWIFT_OPTIMIZATION_LEVEL = "-O";
				VALIDATE_PRODUCT = YES;
			};
			name = Release;
		};
		282EC8582656EEB90086B14F /* Debug */ = {
			isa = XCBuildConfiguration;
			buildSettings = {
				ASSETCATALOG_COMPILER_APPICON_NAME = AppIcon;
				ASSETCATALOG_COMPILER_GLOBAL_ACCENT_COLOR_NAME = AccentColor;
				CODE_SIGN_STYLE = Automatic;
				DEVELOPMENT_ASSET_PATHS = "\"Kindred/Preview Content\"";
				DEVELOPMENT_TEAM = 56MB68UYDC;
				ENABLE_PREVIEWS = YES;
				INFOPLIST_FILE = Kindred/Info.plist;
				IPHONEOS_DEPLOYMENT_TARGET = 14.5;
				LD_RUNPATH_SEARCH_PATHS = (
					"$(inherited)",
					"@executable_path/Frameworks",
				);
				PRODUCT_BUNDLE_IDENTIFIER = com.tiltowait.Kindred;
				PRODUCT_NAME = "$(TARGET_NAME)";
				SWIFT_VERSION = 5.0;
				TARGETED_DEVICE_FAMILY = "1,2";
			};
			name = Debug;
		};
		282EC8592656EEB90086B14F /* Release */ = {
			isa = XCBuildConfiguration;
			buildSettings = {
				ASSETCATALOG_COMPILER_APPICON_NAME = AppIcon;
				ASSETCATALOG_COMPILER_GLOBAL_ACCENT_COLOR_NAME = AccentColor;
				CODE_SIGN_STYLE = Automatic;
				DEVELOPMENT_ASSET_PATHS = "\"Kindred/Preview Content\"";
				DEVELOPMENT_TEAM = 56MB68UYDC;
				ENABLE_PREVIEWS = YES;
				INFOPLIST_FILE = Kindred/Info.plist;
				IPHONEOS_DEPLOYMENT_TARGET = 14.5;
				LD_RUNPATH_SEARCH_PATHS = (
					"$(inherited)",
					"@executable_path/Frameworks",
				);
				PRODUCT_BUNDLE_IDENTIFIER = com.tiltowait.Kindred;
				PRODUCT_NAME = "$(TARGET_NAME)";
				SWIFT_VERSION = 5.0;
				TARGETED_DEVICE_FAMILY = "1,2";
			};
			name = Release;
		};
		282EC85B2656EEB90086B14F /* Debug */ = {
			isa = XCBuildConfiguration;
			buildSettings = {
				ALWAYS_EMBED_SWIFT_STANDARD_LIBRARIES = YES;
				BUNDLE_LOADER = "$(TEST_HOST)";
				CODE_SIGN_STYLE = Automatic;
				DEVELOPMENT_TEAM = 56MB68UYDC;
				INFOPLIST_FILE = KindredTests/Info.plist;
				IPHONEOS_DEPLOYMENT_TARGET = 14.5;
				LD_RUNPATH_SEARCH_PATHS = (
					"$(inherited)",
					"@executable_path/Frameworks",
					"@loader_path/Frameworks",
				);
				PRODUCT_BUNDLE_IDENTIFIER = com.tiltowait.KindredTests;
				PRODUCT_NAME = "$(TARGET_NAME)";
				SWIFT_VERSION = 5.0;
				TARGETED_DEVICE_FAMILY = "1,2";
				TEST_HOST = "$(BUILT_PRODUCTS_DIR)/Kindred.app/Kindred";
			};
			name = Debug;
		};
		282EC85C2656EEB90086B14F /* Release */ = {
			isa = XCBuildConfiguration;
			buildSettings = {
				ALWAYS_EMBED_SWIFT_STANDARD_LIBRARIES = YES;
				BUNDLE_LOADER = "$(TEST_HOST)";
				CODE_SIGN_STYLE = Automatic;
				DEVELOPMENT_TEAM = 56MB68UYDC;
				INFOPLIST_FILE = KindredTests/Info.plist;
				IPHONEOS_DEPLOYMENT_TARGET = 14.5;
				LD_RUNPATH_SEARCH_PATHS = (
					"$(inherited)",
					"@executable_path/Frameworks",
					"@loader_path/Frameworks",
				);
				PRODUCT_BUNDLE_IDENTIFIER = com.tiltowait.KindredTests;
				PRODUCT_NAME = "$(TARGET_NAME)";
				SWIFT_VERSION = 5.0;
				TARGETED_DEVICE_FAMILY = "1,2";
				TEST_HOST = "$(BUILT_PRODUCTS_DIR)/Kindred.app/Kindred";
			};
			name = Release;
		};
		282EC85E2656EEB90086B14F /* Debug */ = {
			isa = XCBuildConfiguration;
			buildSettings = {
				ALWAYS_EMBED_SWIFT_STANDARD_LIBRARIES = YES;
				CODE_SIGN_STYLE = Automatic;
				DEVELOPMENT_TEAM = 56MB68UYDC;
				INFOPLIST_FILE = KindredUITests/Info.plist;
				LD_RUNPATH_SEARCH_PATHS = (
					"$(inherited)",
					"@executable_path/Frameworks",
					"@loader_path/Frameworks",
				);
				PRODUCT_BUNDLE_IDENTIFIER = com.tiltowait.KindredUITests;
				PRODUCT_NAME = "$(TARGET_NAME)";
				SWIFT_VERSION = 5.0;
				TARGETED_DEVICE_FAMILY = "1,2";
				TEST_TARGET_NAME = Kindred;
			};
			name = Debug;
		};
		282EC85F2656EEB90086B14F /* Release */ = {
			isa = XCBuildConfiguration;
			buildSettings = {
				ALWAYS_EMBED_SWIFT_STANDARD_LIBRARIES = YES;
				CODE_SIGN_STYLE = Automatic;
				DEVELOPMENT_TEAM = 56MB68UYDC;
				INFOPLIST_FILE = KindredUITests/Info.plist;
				LD_RUNPATH_SEARCH_PATHS = (
					"$(inherited)",
					"@executable_path/Frameworks",
					"@loader_path/Frameworks",
				);
				PRODUCT_BUNDLE_IDENTIFIER = com.tiltowait.KindredUITests;
				PRODUCT_NAME = "$(TARGET_NAME)";
				SWIFT_VERSION = 5.0;
				TARGETED_DEVICE_FAMILY = "1,2";
				TEST_TARGET_NAME = Kindred;
			};
			name = Release;
		};
/* End XCBuildConfiguration section */

/* Begin XCConfigurationList section */
		282EC82D2656EEB80086B14F /* Build configuration list for PBXProject "Kindred" */ = {
			isa = XCConfigurationList;
			buildConfigurations = (
				282EC8552656EEB90086B14F /* Debug */,
				282EC8562656EEB90086B14F /* Release */,
			);
			defaultConfigurationIsVisible = 0;
			defaultConfigurationName = Release;
		};
		282EC8572656EEB90086B14F /* Build configuration list for PBXNativeTarget "Kindred" */ = {
			isa = XCConfigurationList;
			buildConfigurations = (
				282EC8582656EEB90086B14F /* Debug */,
				282EC8592656EEB90086B14F /* Release */,
			);
			defaultConfigurationIsVisible = 0;
			defaultConfigurationName = Release;
		};
		282EC85A2656EEB90086B14F /* Build configuration list for PBXNativeTarget "KindredTests" */ = {
			isa = XCConfigurationList;
			buildConfigurations = (
				282EC85B2656EEB90086B14F /* Debug */,
				282EC85C2656EEB90086B14F /* Release */,
			);
			defaultConfigurationIsVisible = 0;
			defaultConfigurationName = Release;
		};
		282EC85D2656EEB90086B14F /* Build configuration list for PBXNativeTarget "KindredUITests" */ = {
			isa = XCConfigurationList;
			buildConfigurations = (
				282EC85E2656EEB90086B14F /* Debug */,
				282EC85F2656EEB90086B14F /* Release */,
			);
			defaultConfigurationIsVisible = 0;
			defaultConfigurationName = Release;
		};
/* End XCConfigurationList section */

/* Begin XCRemoteSwiftPackageReference section */
		287F880126829E7800DF140E /* XCRemoteSwiftPackageReference "TextView" */ = {
			isa = XCRemoteSwiftPackageReference;
			repositoryURL = "https://github.com/kenmueller/TextView.git";
			requirement = {
				kind = upToNextMajorVersion;
				minimumVersion = 1.5.0;
			};
		};
		2892168E267E5D88004911EA /* XCRemoteSwiftPackageReference "SQLite.swift" */ = {
			isa = XCRemoteSwiftPackageReference;
			repositoryURL = "https://github.com/stephencelis/SQLite.swift.git";
			requirement = {
				kind = upToNextMajorVersion;
				minimumVersion = 0.12.2;
			};
		};
/* End XCRemoteSwiftPackageReference section */

/* Begin XCSwiftPackageProductDependency section */
		287F880226829E7800DF140E /* TextView */ = {
			isa = XCSwiftPackageProductDependency;
			package = 287F880126829E7800DF140E /* XCRemoteSwiftPackageReference "TextView" */;
			productName = TextView;
		};
		2892168F267E5D88004911EA /* SQLite */ = {
			isa = XCSwiftPackageProductDependency;
			package = 2892168E267E5D88004911EA /* XCRemoteSwiftPackageReference "SQLite.swift" */;
			productName = SQLite;
		};
/* End XCSwiftPackageProductDependency section */

/* Begin XCVersionGroup section */
		2877343D265703000098E27B /* KindredModel.xcdatamodeld */ = {
			isa = XCVersionGroup;
			children = (
				2877343E265703000098E27B /* KindredModel.xcdatamodel */,
			);
			currentVersion = 2877343E265703000098E27B /* KindredModel.xcdatamodel */;
			path = KindredModel.xcdatamodeld;
			sourceTree = "<group>";
			versionGroupType = wrapper.xcdatamodel;
		};
/* End XCVersionGroup section */
	};
	rootObject = 282EC82A2656EEB80086B14F /* Project object */;
}
